// !$*UTF8*$!
{
	archiveVersion = 1;
	classes = {
	};
	objectVersion = 55;
	objects = {

/* Begin PBXBuildFile section */
		DA5BD0572879D7FE00DBDC2D /* LandmarksApp.swift in Sources */ = {isa = PBXBuildFile; fileRef = DA5BD0562879D7FE00DBDC2D /* LandmarksApp.swift */; };
		DA5BD0592879D7FE00DBDC2D /* ContentView.swift in Sources */ = {isa = PBXBuildFile; fileRef = DA5BD0582879D7FE00DBDC2D /* ContentView.swift */; };
		DA5BD05B2879D7FF00DBDC2D /* Assets.xcassets in Resources */ = {isa = PBXBuildFile; fileRef = DA5BD05A2879D7FF00DBDC2D /* Assets.xcassets */; };
		DA5BD05E2879D7FF00DBDC2D /* Preview Assets.xcassets in Resources */ = {isa = PBXBuildFile; fileRef = DA5BD05D2879D7FF00DBDC2D /* Preview Assets.xcassets */; };
		DA5BD065287BED2800DBDC2D /* CircleImage.swift in Sources */ = {isa = PBXBuildFile; fileRef = DA5BD064287BED2800DBDC2D /* CircleImage.swift */; };
		DA5BD067287BED9400DBDC2D /* MapView.swift in Sources */ = {isa = PBXBuildFile; fileRef = DA5BD066287BED9400DBDC2D /* MapView.swift */; };
		DA5BD069287BF3E600DBDC2D /* landmarkData.json in Resources */ = {isa = PBXBuildFile; fileRef = DA5BD068287BF3E600DBDC2D /* landmarkData.json */; };
		DA5BD06B287BF42B00DBDC2D /* Landmark.swift in Sources */ = {isa = PBXBuildFile; fileRef = DA5BD06A287BF42B00DBDC2D /* Landmark.swift */; };
		DA5BD06D287BF51F00DBDC2D /* ModelData.swift in Sources */ = {isa = PBXBuildFile; fileRef = DA5BD06C287BF51F00DBDC2D /* ModelData.swift */; };
		DA5BD072287BF98C00DBDC2D /* LandmarkRow.swift in Sources */ = {isa = PBXBuildFile; fileRef = DA5BD071287BF98C00DBDC2D /* LandmarkRow.swift */; };
		DA5BD074287BFDC100DBDC2D /* LandmarkList.swift in Sources */ = {isa = PBXBuildFile; fileRef = DA5BD073287BFDC100DBDC2D /* LandmarkList.swift */; };
		DA5BD076287C000200DBDC2D /* LandmarkDetail.swift in Sources */ = {isa = PBXBuildFile; fileRef = DA5BD075287C000200DBDC2D /* LandmarkDetail.swift */; };
		DA5BD078287C11A800DBDC2D /* FavoriteButton.swift in Sources */ = {isa = PBXBuildFile; fileRef = DA5BD077287C11A800DBDC2D /* FavoriteButton.swift */; };
		DA9691DF28983ED400010FF2 /* CategoryHome.swift in Sources */ = {isa = PBXBuildFile; fileRef = DA9691DE28983ED400010FF2 /* CategoryHome.swift */; };
		DA9691E12898428B00010FF2 /* CategoryRow.swift in Sources */ = {isa = PBXBuildFile; fileRef = DA9691E02898428B00010FF2 /* CategoryRow.swift */; };
		DA9691E32898435C00010FF2 /* CategoryItem.swift in Sources */ = {isa = PBXBuildFile; fileRef = DA9691E22898435C00010FF2 /* CategoryItem.swift */; };
		DAC5973D2881B99B0024C440 /* HexagonParameters.swift in Sources */ = {isa = PBXBuildFile; fileRef = DAC5973C2881B99B0024C440 /* HexagonParameters.swift */; };
		DAC5973F2881BA6A0024C440 /* BadgeBackground.swift in Sources */ = {isa = PBXBuildFile; fileRef = DAC5973E2881BA6A0024C440 /* BadgeBackground.swift */; };
		DAC597432881D6BE0024C440 /* BadgeSymbol.swift in Sources */ = {isa = PBXBuildFile; fileRef = DAC597422881D6BE0024C440 /* BadgeSymbol.swift */; };
		DAC597452881D7110024C440 /* RotatedBadgeSymbol.swift in Sources */ = {isa = PBXBuildFile; fileRef = DAC597442881D7110024C440 /* RotatedBadgeSymbol.swift */; };
		DAC597472881D73E0024C440 /* Badge.swift in Sources */ = {isa = PBXBuildFile; fileRef = DAC597462881D73E0024C440 /* Badge.swift */; };
		DACAEE762884216400E2C16B /* GraphCapsule.swift in Sources */ = {isa = PBXBuildFile; fileRef = DACAEE722884216400E2C16B /* GraphCapsule.swift */; };
		DACAEE772884216400E2C16B /* HikeGraph.swift in Sources */ = {isa = PBXBuildFile; fileRef = DACAEE732884216400E2C16B /* HikeGraph.swift */; };
		DACAEE782884216400E2C16B /* HikeDetail.swift in Sources */ = {isa = PBXBuildFile; fileRef = DACAEE742884216400E2C16B /* HikeDetail.swift */; };
		DACAEE792884216400E2C16B /* HikeView.swift in Sources */ = {isa = PBXBuildFile; fileRef = DACAEE752884216400E2C16B /* HikeView.swift */; };
		DACAEE7B2884219900E2C16B /* Hike.swift in Sources */ = {isa = PBXBuildFile; fileRef = DACAEE7A2884219900E2C16B /* Hike.swift */; };
		DACAEE7D2884262300E2C16B /* hikeData.json in Resources */ = {isa = PBXBuildFile; fileRef = DACAEE7C2884262300E2C16B /* hikeData.json */; };
/* End PBXBuildFile section */

/* Begin PBXFileReference section */
		DA5BD0532879D7FE00DBDC2D /* Landmarks.app */ = {isa = PBXFileReference; explicitFileType = wrapper.application; includeInIndex = 0; path = Landmarks.app; sourceTree = BUILT_PRODUCTS_DIR; };
		DA5BD0562879D7FE00DBDC2D /* LandmarksApp.swift */ = {isa = PBXFileReference; lastKnownFileType = sourcecode.swift; path = LandmarksApp.swift; sourceTree = "<group>"; };
		DA5BD0582879D7FE00DBDC2D /* ContentView.swift */ = {isa = PBXFileReference; lastKnownFileType = sourcecode.swift; path = ContentView.swift; sourceTree = "<group>"; };
		DA5BD05A2879D7FF00DBDC2D /* Assets.xcassets */ = {isa = PBXFileReference; lastKnownFileType = folder.assetcatalog; path = Assets.xcassets; sourceTree = "<group>"; };
		DA5BD05D2879D7FF00DBDC2D /* Preview Assets.xcassets */ = {isa = PBXFileReference; lastKnownFileType = folder.assetcatalog; path = "Preview Assets.xcassets"; sourceTree = "<group>"; };
		DA5BD064287BED2800DBDC2D /* CircleImage.swift */ = {isa = PBXFileReference; lastKnownFileType = sourcecode.swift; path = CircleImage.swift; sourceTree = "<group>"; };
		DA5BD066287BED9400DBDC2D /* MapView.swift */ = {isa = PBXFileReference; lastKnownFileType = sourcecode.swift; path = MapView.swift; sourceTree = "<group>"; };
		DA5BD068287BF3E600DBDC2D /* landmarkData.json */ = {isa = PBXFileReference; fileEncoding = 4; lastKnownFileType = text.json; path = landmarkData.json; sourceTree = "<group>"; };
		DA5BD06A287BF42B00DBDC2D /* Landmark.swift */ = {isa = PBXFileReference; lastKnownFileType = sourcecode.swift; path = Landmark.swift; sourceTree = "<group>"; };
		DA5BD06C287BF51F00DBDC2D /* ModelData.swift */ = {isa = PBXFileReference; lastKnownFileType = sourcecode.swift; path = ModelData.swift; sourceTree = "<group>"; };
		DA5BD071287BF98C00DBDC2D /* LandmarkRow.swift */ = {isa = PBXFileReference; lastKnownFileType = sourcecode.swift; path = LandmarkRow.swift; sourceTree = "<group>"; };
		DA5BD073287BFDC100DBDC2D /* LandmarkList.swift */ = {isa = PBXFileReference; lastKnownFileType = sourcecode.swift; path = LandmarkList.swift; sourceTree = "<group>"; };
		DA5BD075287C000200DBDC2D /* LandmarkDetail.swift */ = {isa = PBXFileReference; lastKnownFileType = sourcecode.swift; path = LandmarkDetail.swift; sourceTree = "<group>"; };
		DA5BD077287C11A800DBDC2D /* FavoriteButton.swift */ = {isa = PBXFileReference; lastKnownFileType = sourcecode.swift; path = FavoriteButton.swift; sourceTree = "<group>"; };
		DA9691DE28983ED400010FF2 /* CategoryHome.swift */ = {isa = PBXFileReference; lastKnownFileType = sourcecode.swift; path = CategoryHome.swift; sourceTree = "<group>"; };
		DA9691E02898428B00010FF2 /* CategoryRow.swift */ = {isa = PBXFileReference; lastKnownFileType = sourcecode.swift; path = CategoryRow.swift; sourceTree = "<group>"; };
		DA9691E22898435C00010FF2 /* CategoryItem.swift */ = {isa = PBXFileReference; lastKnownFileType = sourcecode.swift; path = CategoryItem.swift; sourceTree = "<group>"; };
		DAC5973C2881B99B0024C440 /* HexagonParameters.swift */ = {isa = PBXFileReference; lastKnownFileType = sourcecode.swift; path = HexagonParameters.swift; sourceTree = "<group>"; };
		DAC5973E2881BA6A0024C440 /* BadgeBackground.swift */ = {isa = PBXFileReference; lastKnownFileType = sourcecode.swift; path = BadgeBackground.swift; sourceTree = "<group>"; };
		DAC597422881D6BE0024C440 /* BadgeSymbol.swift */ = {isa = PBXFileReference; lastKnownFileType = sourcecode.swift; path = BadgeSymbol.swift; sourceTree = "<group>"; };
		DAC597442881D7110024C440 /* RotatedBadgeSymbol.swift */ = {isa = PBXFileReference; lastKnownFileType = sourcecode.swift; path = RotatedBadgeSymbol.swift; sourceTree = "<group>"; };
		DAC597462881D73E0024C440 /* Badge.swift */ = {isa = PBXFileReference; lastKnownFileType = sourcecode.swift; path = Badge.swift; sourceTree = "<group>"; };
		DACAEE722884216400E2C16B /* GraphCapsule.swift */ = {isa = PBXFileReference; fileEncoding = 4; lastKnownFileType = sourcecode.swift; path = GraphCapsule.swift; sourceTree = "<group>"; };
		DACAEE732884216400E2C16B /* HikeGraph.swift */ = {isa = PBXFileReference; fileEncoding = 4; lastKnownFileType = sourcecode.swift; path = HikeGraph.swift; sourceTree = "<group>"; };
		DACAEE742884216400E2C16B /* HikeDetail.swift */ = {isa = PBXFileReference; fileEncoding = 4; lastKnownFileType = sourcecode.swift; path = HikeDetail.swift; sourceTree = "<group>"; };
		DACAEE752884216400E2C16B /* HikeView.swift */ = {isa = PBXFileReference; fileEncoding = 4; lastKnownFileType = sourcecode.swift; path = HikeView.swift; sourceTree = "<group>"; };
		DACAEE7A2884219900E2C16B /* Hike.swift */ = {isa = PBXFileReference; lastKnownFileType = sourcecode.swift; path = Hike.swift; sourceTree = "<group>"; };
		DACAEE7C2884262300E2C16B /* hikeData.json */ = {isa = PBXFileReference; fileEncoding = 4; lastKnownFileType = text.json; path = hikeData.json; sourceTree = "<group>"; };
/* End PBXFileReference section */

/* Begin PBXFrameworksBuildPhase section */
		DA5BD0502879D7FE00DBDC2D /* Frameworks */ = {
			isa = PBXFrameworksBuildPhase;
			buildActionMask = 2147483647;
			files = (
			);
			runOnlyForDeploymentPostprocessing = 0;
		};
/* End PBXFrameworksBuildPhase section */

/* Begin PBXGroup section */
		DA5BD04A2879D7FE00DBDC2D = {
			isa = PBXGroup;
			children = (
				DA5BD0552879D7FE00DBDC2D /* Landmarks */,
				DA5BD0542879D7FE00DBDC2D /* Products */,
			);
			sourceTree = "<group>";
		};
		DA5BD0542879D7FE00DBDC2D /* Products */ = {
			isa = PBXGroup;
			children = (
				DA5BD0532879D7FE00DBDC2D /* Landmarks.app */,
			);
			name = Products;
			sourceTree = "<group>";
		};
		DA5BD0552879D7FE00DBDC2D /* Landmarks */ = {
			isa = PBXGroup;
			children = (
				DA5BD0562879D7FE00DBDC2D /* LandmarksApp.swift */,
				DA5BD06E287BF5A400DBDC2D /* Views */,
				DA5BD06F287BF5A800DBDC2D /* Models */,
				DA5BD070287BF5C100DBDC2D /* Resources */,
				DA5BD05A2879D7FF00DBDC2D /* Assets.xcassets */,
				DA5BD05C2879D7FF00DBDC2D /* Preview Content */,
			);
			path = Landmarks;
			sourceTree = "<group>";
		};
		DA5BD05C2879D7FF00DBDC2D /* Preview Content */ = {
			isa = PBXGroup;
			children = (
				DA5BD05D2879D7FF00DBDC2D /* Preview Assets.xcassets */,
			);
			path = "Preview Content";
			sourceTree = "<group>";
		};
		DA5BD06E287BF5A400DBDC2D /* Views */ = {
			isa = PBXGroup;
			children = (
				DA5BD0582879D7FE00DBDC2D /* ContentView.swift */,
				DA9691DD28983EAD00010FF2 /* CategoryHome */,
				DAC5973B2881B98E0024C440 /* Badge */,
				DACAEE712884216400E2C16B /* Hikes */,
				DA5BD079287C124700DBDC2D /* Landmarks */,
				DA5BD07A287C124C00DBDC2D /* Helpers */,
			);
			path = Views;
			sourceTree = "<group>";
		};
		DA5BD06F287BF5A800DBDC2D /* Models */ = {
			isa = PBXGroup;
			children = (
				DA5BD06A287BF42B00DBDC2D /* Landmark.swift */,
				DA5BD06C287BF51F00DBDC2D /* ModelData.swift */,
				DACAEE7A2884219900E2C16B /* Hike.swift */,
			);
			path = Models;
			sourceTree = "<group>";
		};
		DA5BD070287BF5C100DBDC2D /* Resources */ = {
			isa = PBXGroup;
			children = (
				DA5BD068287BF3E600DBDC2D /* landmarkData.json */,
				DACAEE7C2884262300E2C16B /* hikeData.json */,
			);
			path = Resources;
			sourceTree = "<group>";
		};
		DA5BD079287C124700DBDC2D /* Landmarks */ = {
			isa = PBXGroup;
			children = (
				DA5BD073287BFDC100DBDC2D /* LandmarkList.swift */,
				DA5BD071287BF98C00DBDC2D /* LandmarkRow.swift */,
				DA5BD075287C000200DBDC2D /* LandmarkDetail.swift */,
			);
			path = Landmarks;
			sourceTree = "<group>";
		};
		DA5BD07A287C124C00DBDC2D /* Helpers */ = {
			isa = PBXGroup;
			children = (
				DA5BD066287BED9400DBDC2D /* MapView.swift */,
				DA5BD064287BED2800DBDC2D /* CircleImage.swift */,
				DA5BD077287C11A800DBDC2D /* FavoriteButton.swift */,
			);
			path = Helpers;
			sourceTree = "<group>";
		};
		DA9691DD28983EAD00010FF2 /* CategoryHome */ = {
			isa = PBXGroup;
			children = (
				DA9691DE28983ED400010FF2 /* CategoryHome.swift */,
				DA9691E02898428B00010FF2 /* CategoryRow.swift */,
				DA9691E22898435C00010FF2 /* CategoryItem.swift */,
			);
			path = CategoryHome;
			sourceTree = "<group>";
		};
		DAC5973B2881B98E0024C440 /* Badge */ = {
			isa = PBXGroup;
			children = (
				DAC597462881D73E0024C440 /* Badge.swift */,
				DAC5973E2881BA6A0024C440 /* BadgeBackground.swift */,
				DAC597422881D6BE0024C440 /* BadgeSymbol.swift */,
				DAC597442881D7110024C440 /* RotatedBadgeSymbol.swift */,
				DAC5973C2881B99B0024C440 /* HexagonParameters.swift */,
			);
			path = Badge;
			sourceTree = "<group>";
		};
		DACAEE712884216400E2C16B /* Hikes */ = {
			isa = PBXGroup;
			children = (
				DACAEE722884216400E2C16B /* GraphCapsule.swift */,
				DACAEE732884216400E2C16B /* HikeGraph.swift */,
				DACAEE742884216400E2C16B /* HikeDetail.swift */,
				DACAEE752884216400E2C16B /* HikeView.swift */,
			);
			path = Hikes;
			sourceTree = "<group>";
		};
/* End PBXGroup section */

/* Begin PBXNativeTarget section */
		DA5BD0522879D7FE00DBDC2D /* Landmarks */ = {
			isa = PBXNativeTarget;
			buildConfigurationList = DA5BD0612879D7FF00DBDC2D /* Build configuration list for PBXNativeTarget "Landmarks" */;
			buildPhases = (
				DA5BD04F2879D7FE00DBDC2D /* Sources */,
				DA5BD0502879D7FE00DBDC2D /* Frameworks */,
				DA5BD0512879D7FE00DBDC2D /* Resources */,
			);
			buildRules = (
			);
			dependencies = (
			);
			name = Landmarks;
			productName = Landmarks;
			productReference = DA5BD0532879D7FE00DBDC2D /* Landmarks.app */;
			productType = "com.apple.product-type.application";
		};
/* End PBXNativeTarget section */

/* Begin PBXProject section */
		DA5BD04B2879D7FE00DBDC2D /* Project object */ = {
			isa = PBXProject;
			attributes = {
				BuildIndependentTargetsInParallel = 1;
				LastSwiftUpdateCheck = 1340;
				LastUpgradeCheck = 1340;
				TargetAttributes = {
					DA5BD0522879D7FE00DBDC2D = {
						CreatedOnToolsVersion = 13.4.1;
					};
				};
			};
			buildConfigurationList = DA5BD04E2879D7FE00DBDC2D /* Build configuration list for PBXProject "Landmarks" */;
			compatibilityVersion = "Xcode 13.0";
			developmentRegion = en;
			hasScannedForEncodings = 0;
			knownRegions = (
				en,
				Base,
			);
			mainGroup = DA5BD04A2879D7FE00DBDC2D;
			productRefGroup = DA5BD0542879D7FE00DBDC2D /* Products */;
			projectDirPath = "";
			projectRoot = "";
			targets = (
				DA5BD0522879D7FE00DBDC2D /* Landmarks */,
			);
		};
/* End PBXProject section */

/* Begin PBXResourcesBuildPhase section */
		DA5BD0512879D7FE00DBDC2D /* Resources */ = {
			isa = PBXResourcesBuildPhase;
			buildActionMask = 2147483647;
			files = (
				DACAEE7D2884262300E2C16B /* hikeData.json in Resources */,
				DA5BD05E2879D7FF00DBDC2D /* Preview Assets.xcassets in Resources */,
				DA5BD05B2879D7FF00DBDC2D /* Assets.xcassets in Resources */,
				DA5BD069287BF3E600DBDC2D /* landmarkData.json in Resources */,
			);
			runOnlyForDeploymentPostprocessing = 0;
		};
/* End PBXResourcesBuildPhase section */

/* Begin PBXSourcesBuildPhase section */
		DA5BD04F2879D7FE00DBDC2D /* Sources */ = {
			isa = PBXSourcesBuildPhase;
			buildActionMask = 2147483647;
			files = (
				DA9691E12898428B00010FF2 /* CategoryRow.swift in Sources */,
				DA5BD0592879D7FE00DBDC2D /* ContentView.swift in Sources */,
				DA9691DF28983ED400010FF2 /* CategoryHome.swift in Sources */,
				DAC597472881D73E0024C440 /* Badge.swift in Sources */,
				DA5BD067287BED9400DBDC2D /* MapView.swift in Sources */,
				DA5BD0572879D7FE00DBDC2D /* LandmarksApp.swift in Sources */,
				DACAEE792884216400E2C16B /* HikeView.swift in Sources */,
				DA5BD078287C11A800DBDC2D /* FavoriteButton.swift in Sources */,
				DAC5973D2881B99B0024C440 /* HexagonParameters.swift in Sources */,
				DA9691E32898435C00010FF2 /* CategoryItem.swift in Sources */,
				DAC597452881D7110024C440 /* RotatedBadgeSymbol.swift in Sources */,
				DAC597432881D6BE0024C440 /* BadgeSymbol.swift in Sources */,
				DA5BD074287BFDC100DBDC2D /* LandmarkList.swift in Sources */,
				DACAEE7B2884219900E2C16B /* Hike.swift in Sources */,
				DA5BD076287C000200DBDC2D /* LandmarkDetail.swift in Sources */,
				DAC5973F2881BA6A0024C440 /* BadgeBackground.swift in Sources */,
				DACAEE782884216400E2C16B /* HikeDetail.swift in Sources */,
				DA5BD065287BED2800DBDC2D /* CircleImage.swift in Sources */,
				DACAEE762884216400E2C16B /* GraphCapsule.swift in Sources */,
				DA5BD06B287BF42B00DBDC2D /* Landmark.swift in Sources */,
				DA5BD072287BF98C00DBDC2D /* LandmarkRow.swift in Sources */,
				DA5BD06D287BF51F00DBDC2D /* ModelData.swift in Sources */,
				DACAEE772884216400E2C16B /* HikeGraph.swift in Sources */,
			);
			runOnlyForDeploymentPostprocessing = 0;
		};
/* End PBXSourcesBuildPhase section */

/* Begin XCBuildConfiguration section */
		DA5BD05F2879D7FF00DBDC2D /* Debug */ = {
			isa = XCBuildConfiguration;
			buildSettings = {
				ALWAYS_SEARCH_USER_PATHS = NO;
				CLANG_ANALYZER_NONNULL = YES;
				CLANG_ANALYZER_NUMBER_OBJECT_CONVERSION = YES_AGGRESSIVE;
				CLANG_CXX_LANGUAGE_STANDARD = "gnu++17";
				CLANG_ENABLE_MODULES = YES;
				CLANG_ENABLE_OBJC_ARC = YES;
				CLANG_ENABLE_OBJC_WEAK = YES;
				CLANG_WARN_BLOCK_CAPTURE_AUTORELEASING = YES;
				CLANG_WARN_BOOL_CONVERSION = YES;
				CLANG_WARN_COMMA = YES;
				CLANG_WARN_CONSTANT_CONVERSION = YES;
				CLANG_WARN_DEPRECATED_OBJC_IMPLEMENTATIONS = YES;
				CLANG_WARN_DIRECT_OBJC_ISA_USAGE = YES_ERROR;
				CLANG_WARN_DOCUMENTATION_COMMENTS = YES;
				CLANG_WARN_EMPTY_BODY = YES;
				CLANG_WARN_ENUM_CONVERSION = YES;
				CLANG_WARN_INFINITE_RECURSION = YES;
				CLANG_WARN_INT_CONVERSION = YES;
				CLANG_WARN_NON_LITERAL_NULL_CONVERSION = YES;
				CLANG_WARN_OBJC_IMPLICIT_RETAIN_SELF = YES;
				CLANG_WARN_OBJC_LITERAL_CONVERSION = YES;
				CLANG_WARN_OBJC_ROOT_CLASS = YES_ERROR;
				CLANG_WARN_QUOTED_INCLUDE_IN_FRAMEWORK_HEADER = YES;
				CLANG_WARN_RANGE_LOOP_ANALYSIS = YES;
				CLANG_WARN_STRICT_PROTOTYPES = YES;
				CLANG_WARN_SUSPICIOUS_MOVE = YES;
				CLANG_WARN_UNGUARDED_AVAILABILITY = YES_AGGRESSIVE;
				CLANG_WARN_UNREACHABLE_CODE = YES;
				CLANG_WARN__DUPLICATE_METHOD_MATCH = YES;
				COPY_PHASE_STRIP = NO;
				DEBUG_INFORMATION_FORMAT = dwarf;
				ENABLE_STRICT_OBJC_MSGSEND = YES;
				ENABLE_TESTABILITY = YES;
				GCC_C_LANGUAGE_STANDARD = gnu11;
				GCC_DYNAMIC_NO_PIC = NO;
				GCC_NO_COMMON_BLOCKS = YES;
				GCC_OPTIMIZATION_LEVEL = 0;
				GCC_PREPROCESSOR_DEFINITIONS = (
					"DEBUG=1",
					"$(inherited)",
				);
				GCC_WARN_64_TO_32_BIT_CONVERSION = YES;
				GCC_WARN_ABOUT_RETURN_TYPE = YES_ERROR;
				GCC_WARN_UNDECLARED_SELECTOR = YES;
				GCC_WARN_UNINITIALIZED_AUTOS = YES_AGGRESSIVE;
				GCC_WARN_UNUSED_FUNCTION = YES;
				GCC_WARN_UNUSED_VARIABLE = YES;
				IPHONEOS_DEPLOYMENT_TARGET = 15.5;
				MTL_ENABLE_DEBUG_INFO = INCLUDE_SOURCE;
				MTL_FAST_MATH = YES;
				ONLY_ACTIVE_ARCH = YES;
				SDKROOT = iphoneos;
				SWIFT_ACTIVE_COMPILATION_CONDITIONS = DEBUG;
				SWIFT_OPTIMIZATION_LEVEL = "-Onone";
			};
			name = Debug;
		};
		DA5BD0602879D7FF00DBDC2D /* Release */ = {
			isa = XCBuildConfiguration;
			buildSettings = {
				ALWAYS_SEARCH_USER_PATHS = NO;
				CLANG_ANALYZER_NONNULL = YES;
				CLANG_ANALYZER_NUMBER_OBJECT_CONVERSION = YES_AGGRESSIVE;
				CLANG_CXX_LANGUAGE_STANDARD = "gnu++17";
				CLANG_ENABLE_MODULES = YES;
				CLANG_ENABLE_OBJC_ARC = YES;
				CLANG_ENABLE_OBJC_WEAK = YES;
				CLANG_WARN_BLOCK_CAPTURE_AUTORELEASING = YES;
				CLANG_WARN_BOOL_CONVERSION = YES;
				CLANG_WARN_COMMA = YES;
				CLANG_WARN_CONSTANT_CONVERSION = YES;
				CLANG_WARN_DEPRECATED_OBJC_IMPLEMENTATIONS = YES;
				CLANG_WARN_DIRECT_OBJC_ISA_USAGE = YES_ERROR;
				CLANG_WARN_DOCUMENTATION_COMMENTS = YES;
				CLANG_WARN_EMPTY_BODY = YES;
				CLANG_WARN_ENUM_CONVERSION = YES;
				CLANG_WARN_INFINITE_RECURSION = YES;
				CLANG_WARN_INT_CONVERSION = YES;
				CLANG_WARN_NON_LITERAL_NULL_CONVERSION = YES;
				CLANG_WARN_OBJC_IMPLICIT_RETAIN_SELF = YES;
				CLANG_WARN_OBJC_LITERAL_CONVERSION = YES;
				CLANG_WARN_OBJC_ROOT_CLASS = YES_ERROR;
				CLANG_WARN_QUOTED_INCLUDE_IN_FRAMEWORK_HEADER = YES;
				CLANG_WARN_RANGE_LOOP_ANALYSIS = YES;
				CLANG_WARN_STRICT_PROTOTYPES = YES;
				CLANG_WARN_SUSPICIOUS_MOVE = YES;
				CLANG_WARN_UNGUARDED_AVAILABILITY = YES_AGGRESSIVE;
				CLANG_WARN_UNREACHABLE_CODE = YES;
				CLANG_WARN__DUPLICATE_METHOD_MATCH = YES;
				COPY_PHASE_STRIP = NO;
				DEBUG_INFORMATION_FORMAT = "dwarf-with-dsym";
				ENABLE_NS_ASSERTIONS = NO;
				ENABLE_STRICT_OBJC_MSGSEND = YES;
				GCC_C_LANGUAGE_STANDARD = gnu11;
				GCC_NO_COMMON_BLOCKS = YES;
				GCC_WARN_64_TO_32_BIT_CONVERSION = YES;
				GCC_WARN_ABOUT_RETURN_TYPE = YES_ERROR;
				GCC_WARN_UNDECLARED_SELECTOR = YES;
				GCC_WARN_UNINITIALIZED_AUTOS = YES_AGGRESSIVE;
				GCC_WARN_UNUSED_FUNCTION = YES;
				GCC_WARN_UNUSED_VARIABLE = YES;
				IPHONEOS_DEPLOYMENT_TARGET = 15.5;
				MTL_ENABLE_DEBUG_INFO = NO;
				MTL_FAST_MATH = YES;
				SDKROOT = iphoneos;
				SWIFT_COMPILATION_MODE = wholemodule;
				SWIFT_OPTIMIZATION_LEVEL = "-O";
				VALIDATE_PRODUCT = YES;
			};
			name = Release;
		};
		DA5BD0622879D7FF00DBDC2D /* Debug */ = {
			isa = XCBuildConfiguration;
			buildSettings = {
				ASSETCATALOG_COMPILER_APPICON_NAME = AppIcon;
				ASSETCATALOG_COMPILER_GLOBAL_ACCENT_COLOR_NAME = AccentColor;
				CODE_SIGN_STYLE = Automatic;
				CURRENT_PROJECT_VERSION = 1;
				DEVELOPMENT_ASSET_PATHS = "\"Landmarks/Preview Content\"";
				DEVELOPMENT_TEAM = BWMJMJK727;
				ENABLE_PREVIEWS = YES;
				GENERATE_INFOPLIST_FILE = YES;
				INFOPLIST_KEY_UIApplicationSceneManifest_Generation = YES;
				INFOPLIST_KEY_UIApplicationSupportsIndirectInputEvents = YES;
				INFOPLIST_KEY_UILaunchScreen_Generation = YES;
				INFOPLIST_KEY_UISupportedInterfaceOrientations_iPad = "UIInterfaceOrientationPortrait UIInterfaceOrientationPortraitUpsideDown UIInterfaceOrientationLandscapeLeft UIInterfaceOrientationLandscapeRight";
				INFOPLIST_KEY_UISupportedInterfaceOrientations_iPhone = "UIInterfaceOrientationPortrait UIInterfaceOrientationLandscapeLeft UIInterfaceOrientationLandscapeRight";
				LD_RUNPATH_SEARCH_PATHS = (
					"$(inherited)",
					"@executable_path/Frameworks",
				);
				MARKETING_VERSION = 1.0;
				PRODUCT_BUNDLE_IDENTIFIER = com.gmail.ikeh1024.Landmarks;
				PRODUCT_NAME = "$(TARGET_NAME)";
				SWIFT_EMIT_LOC_STRINGS = YES;
				SWIFT_VERSION = 5.0;
				TARGETED_DEVICE_FAMILY = "1,2";
			};
			name = Debug;
		};
		DA5BD0632879D7FF00DBDC2D /* Release */ = {
			isa = XCBuildConfiguration;
			buildSettings = {
				ASSETCATALOG_COMPILER_APPICON_NAME = AppIcon;
				ASSETCATALOG_COMPILER_GLOBAL_ACCENT_COLOR_NAME = AccentColor;
				CODE_SIGN_STYLE = Automatic;
				CURRENT_PROJECT_VERSION = 1;
				DEVELOPMENT_ASSET_PATHS = "\"Landmarks/Preview Content\"";
				DEVELOPMENT_TEAM = BWMJMJK727;
				ENABLE_PREVIEWS = YES;
				GENERATE_INFOPLIST_FILE = YES;
				INFOPLIST_KEY_UIApplicationSceneManifest_Generation = YES;
				INFOPLIST_KEY_UIApplicationSupportsIndirectInputEvents = YES;
				INFOPLIST_KEY_UILaunchScreen_Generation = YES;
				INFOPLIST_KEY_UISupportedInterfaceOrientations_iPad = "UIInterfaceOrientationPortrait UIInterfaceOrientationPortraitUpsideDown UIInterfaceOrientationLandscapeLeft UIInterfaceOrientationLandscapeRight";
				INFOPLIST_KEY_UISupportedInterfaceOrientations_iPhone = "UIInterfaceOrientationPortrait UIInterfaceOrientationLandscapeLeft UIInterfaceOrientationLandscapeRight";
				LD_RUNPATH_SEARCH_PATHS = (
					"$(inherited)",
					"@executable_path/Frameworks",
				);
				MARKETING_VERSION = 1.0;
				PRODUCT_BUNDLE_IDENTIFIER = com.gmail.ikeh1024.Landmarks;
				PRODUCT_NAME = "$(TARGET_NAME)";
				SWIFT_EMIT_LOC_STRINGS = YES;
				SWIFT_VERSION = 5.0;
				TARGETED_DEVICE_FAMILY = "1,2";
			};
			name = Release;
		};
/* End XCBuildConfiguration section */

/* Begin XCConfigurationList section */
		DA5BD04E2879D7FE00DBDC2D /* Build configuration list for PBXProject "Landmarks" */ = {
			isa = XCConfigurationList;
			buildConfigurations = (
				DA5BD05F2879D7FF00DBDC2D /* Debug */,
				DA5BD0602879D7FF00DBDC2D /* Release */,
			);
			defaultConfigurationIsVisible = 0;
			defaultConfigurationName = Release;
		};
		DA5BD0612879D7FF00DBDC2D /* Build configuration list for PBXNativeTarget "Landmarks" */ = {
			isa = XCConfigurationList;
			buildConfigurations = (
				DA5BD0622879D7FF00DBDC2D /* Debug */,
				DA5BD0632879D7FF00DBDC2D /* Release */,
			);
			defaultConfigurationIsVisible = 0;
			defaultConfigurationName = Release;
		};
/* End XCConfigurationList section */
	};
	rootObject = DA5BD04B2879D7FE00DBDC2D /* Project object */;
}
