// !$*UTF8*$!
{
	archiveVersion = 1;
	classes = {
	};
	objectVersion = 56;
	objects = {

/* Begin PBXBuildFile section */
		2A325557296FED74009D3FA0 /* ViewInspectorDemoApp.swift in Sources */ = {isa = PBXBuildFile; fileRef = 2A325556296FED74009D3FA0 /* ViewInspectorDemoApp.swift */; };
		2A325559296FED74009D3FA0 /* ContentView.swift in Sources */ = {isa = PBXBuildFile; fileRef = 2A325558296FED74009D3FA0 /* ContentView.swift */; };
		2A32555B296FED75009D3FA0 /* Assets.xcassets in Resources */ = {isa = PBXBuildFile; fileRef = 2A32555A296FED75009D3FA0 /* Assets.xcassets */; };
		2A32555E296FED75009D3FA0 /* Preview Assets.xcassets in Resources */ = {isa = PBXBuildFile; fileRef = 2A32555D296FED75009D3FA0 /* Preview Assets.xcassets */; };
		2A325582296FF439009D3FA0 /* TheBasicsView1.swift in Sources */ = {isa = PBXBuildFile; fileRef = 2A325581296FF439009D3FA0 /* TheBasicsView1.swift */; };
		2A32558B296FF6C3009D3FA0 /* TheBasicsView2.swift in Sources */ = {isa = PBXBuildFile; fileRef = 2A32558A296FF6C3009D3FA0 /* TheBasicsView2.swift */; };
		2A32558E296FF859009D3FA0 /* DynamicQueryWithFindView1.swift in Sources */ = {isa = PBXBuildFile; fileRef = 2A32558D296FF859009D3FA0 /* DynamicQueryWithFindView1.swift */; };
		2A32559029705AF2009D3FA0 /* DynamicQueryWithFindView2.swift in Sources */ = {isa = PBXBuildFile; fileRef = 2A32558F29705AF2009D3FA0 /* DynamicQueryWithFindView2.swift */; };
		2A325592297060F8009D3FA0 /* TheBasicsViewTests.swift in Sources */ = {isa = PBXBuildFile; fileRef = 2A325591297060F8009D3FA0 /* TheBasicsViewTests.swift */; };
		2A32559429706125009D3FA0 /* DynamicQueryWithFindViewTests.swift in Sources */ = {isa = PBXBuildFile; fileRef = 2A32559329706125009D3FA0 /* DynamicQueryWithFindViewTests.swift */; };
		2A32559629706178009D3FA0 /* InspectableAttributesTests.swift in Sources */ = {isa = PBXBuildFile; fileRef = 2A32559529706178009D3FA0 /* InspectableAttributesTests.swift */; };
		2A325599297080E8009D3FA0 /* InspectableAttributesView1.swift in Sources */ = {isa = PBXBuildFile; fileRef = 2A325598297080E8009D3FA0 /* InspectableAttributesView1.swift */; };
		2A4182EC2970846C00D804D5 /* ViewsUsingBindingAndObservedObjectView1.swift in Sources */ = {isa = PBXBuildFile; fileRef = 2A4182EB2970846C00D804D5 /* ViewsUsingBindingAndObservedObjectView1.swift */; };
		2A4182EE297085C300D804D5 /* ViewsUsingBindingAndObservedObjectViewTests.swift in Sources */ = {isa = PBXBuildFile; fileRef = 2A4182ED297085C300D804D5 /* ViewsUsingBindingAndObservedObjectViewTests.swift */; };
		2A4182F12970D97C00D804D5 /* ViewsUsingStateAndEnvironmentOrEnvironmentObjectView1.swift in Sources */ = {isa = PBXBuildFile; fileRef = 2A4182F02970D97C00D804D5 /* ViewsUsingStateAndEnvironmentOrEnvironmentObjectView1.swift */; };
		2A4182F32970D99000D804D5 /* ViewsUsingStateAndEnvironmentOrEnvironmentObjectTests.swift in Sources */ = {isa = PBXBuildFile; fileRef = 2A4182F22970D99000D804D5 /* ViewsUsingStateAndEnvironmentOrEnvironmentObjectTests.swift */; };
		2A4182F52970DBD100D804D5 /* ViewsUsingStateAndEnvironmentOrEnvironmentObjectView2.swift in Sources */ = {isa = PBXBuildFile; fileRef = 2A4182F42970DBD100D804D5 /* ViewsUsingStateAndEnvironmentOrEnvironmentObjectView2.swift */; };
		2A4182F72970DBEE00D804D5 /* Inspection.swift in Sources */ = {isa = PBXBuildFile; fileRef = 2A4182F62970DBEE00D804D5 /* Inspection.swift */; };
		2A4182F92970DCD300D804D5 /* Inspection+Model.swift in Sources */ = {isa = PBXBuildFile; fileRef = 2A4182F82970DCD300D804D5 /* Inspection+Model.swift */; };
		2A4182FD2970E15400D804D5 /* CustomViewModifierView.swift in Sources */ = {isa = PBXBuildFile; fileRef = 2A4182FC2970E15400D804D5 /* CustomViewModifierView.swift */; };
		2A4182FF2970E1B300D804D5 /* CustomViewModifierViewTests.swift in Sources */ = {isa = PBXBuildFile; fileRef = 2A4182FE2970E1B300D804D5 /* CustomViewModifierViewTests.swift */; };
		2AA09E452978CF0C006DCB47 /* GestureModifiersView1.swift in Sources */ = {isa = PBXBuildFile; fileRef = 2AA09E442978CF0C006DCB47 /* GestureModifiersView1.swift */; };
		2AA09E472978CF65006DCB47 /* GestureModifiersViewTests.swift in Sources */ = {isa = PBXBuildFile; fileRef = 2AA09E462978CF65006DCB47 /* GestureModifiersViewTests.swift */; };
		2AA09E492978CFF6006DCB47 /* GestureModifiersView2.swift in Sources */ = {isa = PBXBuildFile; fileRef = 2AA09E482978CFF6006DCB47 /* GestureModifiersView2.swift */; };
		2AA09E4B2978D083006DCB47 /* GestureModifiersView3.swift in Sources */ = {isa = PBXBuildFile; fileRef = 2AA09E4A2978D083006DCB47 /* GestureModifiersView3.swift */; };
		2AA09E532978D1AD006DCB47 /* GestureMaskView1.swift in Sources */ = {isa = PBXBuildFile; fileRef = 2AA09E522978D1AD006DCB47 /* GestureMaskView1.swift */; };
		2AA09E552978D1BB006DCB47 /* GestureMaskViewTests.swift in Sources */ = {isa = PBXBuildFile; fileRef = 2AA09E542978D1BB006DCB47 /* GestureMaskViewTests.swift */; };
		2AA09E572978D2C0006DCB47 /* GesturePropertiesView1.swift in Sources */ = {isa = PBXBuildFile; fileRef = 2AA09E562978D2C0006DCB47 /* GesturePropertiesView1.swift */; };
		2AA09E592978D2CD006DCB47 /* GesturePropertiesViewTests.swift in Sources */ = {isa = PBXBuildFile; fileRef = 2AA09E582978D2CD006DCB47 /* GesturePropertiesViewTests.swift */; };
		2AA09E5B2978D409006DCB47 /* InvokingGestureUpdatingCallbackView.swift in Sources */ = {isa = PBXBuildFile; fileRef = 2AA09E5A2978D409006DCB47 /* InvokingGestureUpdatingCallbackView.swift */; };
		2AA09E5D2978D505006DCB47 /* InvokingGestureUpdatingCallbackViewTests.swift in Sources */ = {isa = PBXBuildFile; fileRef = 2AA09E5C2978D505006DCB47 /* InvokingGestureUpdatingCallbackViewTests.swift */; };
		2AA09E5F2978D54A006DCB47 /* Inspection+Model.swift in Sources */ = {isa = PBXBuildFile; fileRef = 2AA09E5E2978D54A006DCB47 /* Inspection+Model.swift */; };
		2AA09E632978D5C0006DCB47 /* GestureKeyboardModifiersVIew.swift in Sources */ = {isa = PBXBuildFile; fileRef = 2AA09E622978D5C0006DCB47 /* GestureKeyboardModifiersVIew.swift */; };
		2AA09E9C2978D6EB006DCB47 /* GestureKeyboardModifiersVIewTests.swift in Sources */ = {isa = PBXBuildFile; fileRef = 2AA09E9B2978D6EB006DCB47 /* GestureKeyboardModifiersVIewTests.swift */; };
		2AB758E62979274B0033069B /* AlertView1.swift in Sources */ = {isa = PBXBuildFile; fileRef = 2AB758E52979274B0033069B /* AlertView1.swift */; };
		2AB758E8297927940033069B /* AlertViewTests.swift in Sources */ = {isa = PBXBuildFile; fileRef = 2AB758E7297927940033069B /* AlertViewTests.swift */; };
		2AB758EE29792C140033069B /* Inspection+Model.swift in Sources */ = {isa = PBXBuildFile; fileRef = 2AB758ED29792C140033069B /* Inspection+Model.swift */; };
		2AB758F229793EAA0033069B /* AlertView2.swift in Sources */ = {isa = PBXBuildFile; fileRef = 2AB758F129793EAA0033069B /* AlertView2.swift */; };
		2AB758F4297942C50033069B /* ActionSheetView1.swift in Sources */ = {isa = PBXBuildFile; fileRef = 2AB758F3297942C50033069B /* ActionSheetView1.swift */; };
		2AFB0003297E2212007E4946 /* ViewInspector in Frameworks */ = {isa = PBXBuildFile; productRef = 2AFB0002297E2212007E4946 /* ViewInspector */; };
		2AFB0005297E2218007E4946 /* ViewInspector in Frameworks */ = {isa = PBXBuildFile; productRef = 2AFB0004297E2218007E4946 /* ViewInspector */; };
		2AFB0007297E221D007E4946 /* ViewInspector in Frameworks */ = {isa = PBXBuildFile; productRef = 2AFB0006297E221D007E4946 /* ViewInspector */; };
/* End PBXBuildFile section */

/* Begin PBXContainerItemProxy section */
		2A325564296FED75009D3FA0 /* PBXContainerItemProxy */ = {
			isa = PBXContainerItemProxy;
			containerPortal = 2A32554B296FED74009D3FA0 /* Project object */;
			proxyType = 1;
			remoteGlobalIDString = 2A325552296FED74009D3FA0;
			remoteInfo = ViewInspectorDemo;
		};
		2AA09E3E2978CE74006DCB47 /* PBXContainerItemProxy */ = {
			isa = PBXContainerItemProxy;
			containerPortal = 2A32554B296FED74009D3FA0 /* Project object */;
			proxyType = 1;
			remoteGlobalIDString = 2A325552296FED74009D3FA0;
			remoteInfo = ViewInspectorDemo;
		};
		2AA09EB32978D960006DCB47 /* PBXContainerItemProxy */ = {
			isa = PBXContainerItemProxy;
			containerPortal = 2A32554B296FED74009D3FA0 /* Project object */;
			proxyType = 1;
			remoteGlobalIDString = 2A325552296FED74009D3FA0;
			remoteInfo = ViewInspectorDemo;
		};
/* End PBXContainerItemProxy section */

/* Begin PBXFileReference section */
		2A325553296FED74009D3FA0 /* ViewInspectorDemo.app */ = {isa = PBXFileReference; explicitFileType = wrapper.application; includeInIndex = 0; path = ViewInspectorDemo.app; sourceTree = BUILT_PRODUCTS_DIR; };
		2A325556296FED74009D3FA0 /* ViewInspectorDemoApp.swift */ = {isa = PBXFileReference; lastKnownFileType = sourcecode.swift; path = ViewInspectorDemoApp.swift; sourceTree = "<group>"; };
		2A325558296FED74009D3FA0 /* ContentView.swift */ = {isa = PBXFileReference; lastKnownFileType = sourcecode.swift; path = ContentView.swift; sourceTree = "<group>"; };
		2A32555A296FED75009D3FA0 /* Assets.xcassets */ = {isa = PBXFileReference; lastKnownFileType = folder.assetcatalog; path = Assets.xcassets; sourceTree = "<group>"; };
		2A32555D296FED75009D3FA0 /* Preview Assets.xcassets */ = {isa = PBXFileReference; lastKnownFileType = folder.assetcatalog; path = "Preview Assets.xcassets"; sourceTree = "<group>"; };
		2A325563296FED75009D3FA0 /* GuideTests.xctest */ = {isa = PBXFileReference; explicitFileType = wrapper.cfbundle; includeInIndex = 0; path = GuideTests.xctest; sourceTree = BUILT_PRODUCTS_DIR; };
		2A325581296FF439009D3FA0 /* TheBasicsView1.swift */ = {isa = PBXFileReference; lastKnownFileType = sourcecode.swift; path = TheBasicsView1.swift; sourceTree = "<group>"; };
		2A32558A296FF6C3009D3FA0 /* TheBasicsView2.swift */ = {isa = PBXFileReference; lastKnownFileType = sourcecode.swift; path = TheBasicsView2.swift; sourceTree = "<group>"; };
		2A32558D296FF859009D3FA0 /* DynamicQueryWithFindView1.swift */ = {isa = PBXFileReference; lastKnownFileType = sourcecode.swift; path = DynamicQueryWithFindView1.swift; sourceTree = "<group>"; };
		2A32558F29705AF2009D3FA0 /* DynamicQueryWithFindView2.swift */ = {isa = PBXFileReference; lastKnownFileType = sourcecode.swift; path = DynamicQueryWithFindView2.swift; sourceTree = "<group>"; };
		2A325591297060F8009D3FA0 /* TheBasicsViewTests.swift */ = {isa = PBXFileReference; lastKnownFileType = sourcecode.swift; path = TheBasicsViewTests.swift; sourceTree = "<group>"; };
		2A32559329706125009D3FA0 /* DynamicQueryWithFindViewTests.swift */ = {isa = PBXFileReference; lastKnownFileType = sourcecode.swift; path = DynamicQueryWithFindViewTests.swift; sourceTree = "<group>"; };
		2A32559529706178009D3FA0 /* InspectableAttributesTests.swift */ = {isa = PBXFileReference; lastKnownFileType = sourcecode.swift; path = InspectableAttributesTests.swift; sourceTree = "<group>"; };
		2A325598297080E8009D3FA0 /* InspectableAttributesView1.swift */ = {isa = PBXFileReference; lastKnownFileType = sourcecode.swift; path = InspectableAttributesView1.swift; sourceTree = "<group>"; };
		2A4182EB2970846C00D804D5 /* ViewsUsingBindingAndObservedObjectView1.swift */ = {isa = PBXFileReference; lastKnownFileType = sourcecode.swift; path = ViewsUsingBindingAndObservedObjectView1.swift; sourceTree = "<group>"; };
		2A4182ED297085C300D804D5 /* ViewsUsingBindingAndObservedObjectViewTests.swift */ = {isa = PBXFileReference; lastKnownFileType = sourcecode.swift; path = ViewsUsingBindingAndObservedObjectViewTests.swift; sourceTree = "<group>"; };
		2A4182F02970D97C00D804D5 /* ViewsUsingStateAndEnvironmentOrEnvironmentObjectView1.swift */ = {isa = PBXFileReference; lastKnownFileType = sourcecode.swift; path = ViewsUsingStateAndEnvironmentOrEnvironmentObjectView1.swift; sourceTree = "<group>"; };
		2A4182F22970D99000D804D5 /* ViewsUsingStateAndEnvironmentOrEnvironmentObjectTests.swift */ = {isa = PBXFileReference; lastKnownFileType = sourcecode.swift; path = ViewsUsingStateAndEnvironmentOrEnvironmentObjectTests.swift; sourceTree = "<group>"; };
		2A4182F42970DBD100D804D5 /* ViewsUsingStateAndEnvironmentOrEnvironmentObjectView2.swift */ = {isa = PBXFileReference; lastKnownFileType = sourcecode.swift; path = ViewsUsingStateAndEnvironmentOrEnvironmentObjectView2.swift; sourceTree = "<group>"; };
		2A4182F62970DBEE00D804D5 /* Inspection.swift */ = {isa = PBXFileReference; lastKnownFileType = sourcecode.swift; path = Inspection.swift; sourceTree = "<group>"; };
		2A4182F82970DCD300D804D5 /* Inspection+Model.swift */ = {isa = PBXFileReference; lastKnownFileType = sourcecode.swift; path = "Inspection+Model.swift"; sourceTree = "<group>"; };
		2A4182FC2970E15400D804D5 /* CustomViewModifierView.swift */ = {isa = PBXFileReference; lastKnownFileType = sourcecode.swift; path = CustomViewModifierView.swift; sourceTree = "<group>"; };
		2A4182FE2970E1B300D804D5 /* CustomViewModifierViewTests.swift */ = {isa = PBXFileReference; lastKnownFileType = sourcecode.swift; path = CustomViewModifierViewTests.swift; sourceTree = "<group>"; };
		2AA09E3A2978CE74006DCB47 /* GuideGesturesTests.xctest */ = {isa = PBXFileReference; explicitFileType = wrapper.cfbundle; includeInIndex = 0; path = GuideGesturesTests.xctest; sourceTree = BUILT_PRODUCTS_DIR; };
		2AA09E442978CF0C006DCB47 /* GestureModifiersView1.swift */ = {isa = PBXFileReference; lastKnownFileType = sourcecode.swift; path = GestureModifiersView1.swift; sourceTree = "<group>"; };
		2AA09E462978CF65006DCB47 /* GestureModifiersViewTests.swift */ = {isa = PBXFileReference; lastKnownFileType = sourcecode.swift; path = GestureModifiersViewTests.swift; sourceTree = "<group>"; };
		2AA09E482978CFF6006DCB47 /* GestureModifiersView2.swift */ = {isa = PBXFileReference; lastKnownFileType = sourcecode.swift; path = GestureModifiersView2.swift; sourceTree = "<group>"; };
		2AA09E4A2978D083006DCB47 /* GestureModifiersView3.swift */ = {isa = PBXFileReference; lastKnownFileType = sourcecode.swift; path = GestureModifiersView3.swift; sourceTree = "<group>"; };
		2AA09E522978D1AD006DCB47 /* GestureMaskView1.swift */ = {isa = PBXFileReference; lastKnownFileType = sourcecode.swift; path = GestureMaskView1.swift; sourceTree = "<group>"; };
		2AA09E542978D1BB006DCB47 /* GestureMaskViewTests.swift */ = {isa = PBXFileReference; lastKnownFileType = sourcecode.swift; path = GestureMaskViewTests.swift; sourceTree = "<group>"; };
		2AA09E562978D2C0006DCB47 /* GesturePropertiesView1.swift */ = {isa = PBXFileReference; lastKnownFileType = sourcecode.swift; path = GesturePropertiesView1.swift; sourceTree = "<group>"; };
		2AA09E582978D2CD006DCB47 /* GesturePropertiesViewTests.swift */ = {isa = PBXFileReference; lastKnownFileType = sourcecode.swift; path = GesturePropertiesViewTests.swift; sourceTree = "<group>"; };
		2AA09E5A2978D409006DCB47 /* InvokingGestureUpdatingCallbackView.swift */ = {isa = PBXFileReference; lastKnownFileType = sourcecode.swift; path = InvokingGestureUpdatingCallbackView.swift; sourceTree = "<group>"; };
		2AA09E5C2978D505006DCB47 /* InvokingGestureUpdatingCallbackViewTests.swift */ = {isa = PBXFileReference; lastKnownFileType = sourcecode.swift; path = InvokingGestureUpdatingCallbackViewTests.swift; sourceTree = "<group>"; };
		2AA09E5E2978D54A006DCB47 /* Inspection+Model.swift */ = {isa = PBXFileReference; lastKnownFileType = sourcecode.swift; path = "Inspection+Model.swift"; sourceTree = "<group>"; };
		2AA09E622978D5C0006DCB47 /* GestureKeyboardModifiersVIew.swift */ = {isa = PBXFileReference; lastKnownFileType = sourcecode.swift; path = GestureKeyboardModifiersVIew.swift; sourceTree = "<group>"; };
		2AA09E9B2978D6EB006DCB47 /* GestureKeyboardModifiersVIewTests.swift */ = {isa = PBXFileReference; lastKnownFileType = sourcecode.swift; path = GestureKeyboardModifiersVIewTests.swift; sourceTree = "<group>"; };
		2AA09EAF2978D95F006DCB47 /* GuidePopupTests.xctest */ = {isa = PBXFileReference; explicitFileType = wrapper.cfbundle; includeInIndex = 0; path = GuidePopupTests.xctest; sourceTree = BUILT_PRODUCTS_DIR; };
		2AB758E52979274B0033069B /* AlertView1.swift */ = {isa = PBXFileReference; lastKnownFileType = sourcecode.swift; path = AlertView1.swift; sourceTree = "<group>"; };
		2AB758E7297927940033069B /* AlertViewTests.swift */ = {isa = PBXFileReference; lastKnownFileType = sourcecode.swift; path = AlertViewTests.swift; sourceTree = "<group>"; };
		2AB758ED29792C140033069B /* Inspection+Model.swift */ = {isa = PBXFileReference; lastKnownFileType = sourcecode.swift; path = "Inspection+Model.swift"; sourceTree = "<group>"; };
		2AB758F129793EAA0033069B /* AlertView2.swift */ = {isa = PBXFileReference; lastKnownFileType = sourcecode.swift; path = AlertView2.swift; sourceTree = "<group>"; };
		2AB758F3297942C50033069B /* ActionSheetView1.swift */ = {isa = PBXFileReference; lastKnownFileType = sourcecode.swift; path = ActionSheetView1.swift; sourceTree = "<group>"; };
/* End PBXFileReference section */

/* Begin PBXFrameworksBuildPhase section */
		2A325550296FED74009D3FA0 /* Frameworks */ = {
			isa = PBXFrameworksBuildPhase;
			buildActionMask = 2147483647;
			files = (
			);
			runOnlyForDeploymentPostprocessing = 0;
		};
		2A325560296FED75009D3FA0 /* Frameworks */ = {
			isa = PBXFrameworksBuildPhase;
			buildActionMask = 2147483647;
			files = (
				2AFB0003297E2212007E4946 /* ViewInspector in Frameworks */,
			);
			runOnlyForDeploymentPostprocessing = 0;
		};
		2AA09E372978CE74006DCB47 /* Frameworks */ = {
			isa = PBXFrameworksBuildPhase;
			buildActionMask = 2147483647;
			files = (
				2AFB0005297E2218007E4946 /* ViewInspector in Frameworks */,
			);
			runOnlyForDeploymentPostprocessing = 0;
		};
		2AA09EAC2978D95F006DCB47 /* Frameworks */ = {
			isa = PBXFrameworksBuildPhase;
			buildActionMask = 2147483647;
			files = (
				2AFB0007297E221D007E4946 /* ViewInspector in Frameworks */,
			);
			runOnlyForDeploymentPostprocessing = 0;
		};
/* End PBXFrameworksBuildPhase section */

/* Begin PBXGroup section */
		2A32554A296FED74009D3FA0 = {
			isa = PBXGroup;
			children = (
				2A325555296FED74009D3FA0 /* ViewInspectorDemo */,
				2A325566296FED75009D3FA0 /* GuideTests */,
				2AA09E3B2978CE74006DCB47 /* GuideGesturesTests */,
				2AA09EB02978D960006DCB47 /* GuidePopupTests */,
				2A325554296FED74009D3FA0 /* Products */,
				2AA09E4F2978D0E0006DCB47 /* Frameworks */,
			);
			sourceTree = "<group>";
		};
		2A325554296FED74009D3FA0 /* Products */ = {
			isa = PBXGroup;
			children = (
				2A325553296FED74009D3FA0 /* ViewInspectorDemo.app */,
				2A325563296FED75009D3FA0 /* GuideTests.xctest */,
				2AA09E3A2978CE74006DCB47 /* GuideGesturesTests.xctest */,
				2AA09EAF2978D95F006DCB47 /* GuidePopupTests.xctest */,
			);
			name = Products;
			sourceTree = "<group>";
		};
		2A325555296FED74009D3FA0 /* ViewInspectorDemo */ = {
			isa = PBXGroup;
			children = (
				2A325556296FED74009D3FA0 /* ViewInspectorDemoApp.swift */,
				2A325558296FED74009D3FA0 /* ContentView.swift */,
				2A32555A296FED75009D3FA0 /* Assets.xcassets */,
				2A32555C296FED75009D3FA0 /* Preview Content */,
				DAE2108629714EB800642E06 /* Guide */,
				2AA09E432978CED3006DCB47 /* GuideGestures */,
				2AA09EAA2978D93C006DCB47 /* GuidePopups */,
			);
			path = ViewInspectorDemo;
			sourceTree = "<group>";
		};
		2A32555C296FED75009D3FA0 /* Preview Content */ = {
			isa = PBXGroup;
			children = (
				2A32555D296FED75009D3FA0 /* Preview Assets.xcassets */,
			);
			path = "Preview Content";
			sourceTree = "<group>";
		};
		2A325566296FED75009D3FA0 /* GuideTests */ = {
			isa = PBXGroup;
			children = (
				2A325591297060F8009D3FA0 /* TheBasicsViewTests.swift */,
				2A32559329706125009D3FA0 /* DynamicQueryWithFindViewTests.swift */,
				2A32559529706178009D3FA0 /* InspectableAttributesTests.swift */,
				2A4182ED297085C300D804D5 /* ViewsUsingBindingAndObservedObjectViewTests.swift */,
				2A4182FA2970DD1A00D804D5 /* ViewsUsingStateAndEnvironmentOrEnvironmentObjectTests */,
				2A4182FE2970E1B300D804D5 /* CustomViewModifierViewTests.swift */,
			);
			path = GuideTests;
			sourceTree = "<group>";
		};
		2A325589296FF4EC009D3FA0 /* TheBasicsView */ = {
			isa = PBXGroup;
			children = (
				2A325581296FF439009D3FA0 /* TheBasicsView1.swift */,
				2A32558A296FF6C3009D3FA0 /* TheBasicsView2.swift */,
			);
			path = TheBasicsView;
			sourceTree = "<group>";
		};
		2A32558C296FF845009D3FA0 /* DynamicQueryWithFindView */ = {
			isa = PBXGroup;
			children = (
				2A32558D296FF859009D3FA0 /* DynamicQueryWithFindView1.swift */,
				2A32558F29705AF2009D3FA0 /* DynamicQueryWithFindView2.swift */,
			);
			path = DynamicQueryWithFindView;
			sourceTree = "<group>";
		};
		2A325597297080DC009D3FA0 /* InspectableAttributesView */ = {
			isa = PBXGroup;
			children = (
				2A325598297080E8009D3FA0 /* InspectableAttributesView1.swift */,
			);
			path = InspectableAttributesView;
			sourceTree = "<group>";
		};
		2A4182EA2970845700D804D5 /* ViewsUsingBindingAndObservedObject */ = {
			isa = PBXGroup;
			children = (
				2A4182EB2970846C00D804D5 /* ViewsUsingBindingAndObservedObjectView1.swift */,
			);
			path = ViewsUsingBindingAndObservedObject;
			sourceTree = "<group>";
		};
		2A4182EF2970D95C00D804D5 /* ViewsUsingStateAndEnvironmentOrEnvironmentObject */ = {
			isa = PBXGroup;
			children = (
				2A4182F02970D97C00D804D5 /* ViewsUsingStateAndEnvironmentOrEnvironmentObjectView1.swift */,
				2A4182F42970DBD100D804D5 /* ViewsUsingStateAndEnvironmentOrEnvironmentObjectView2.swift */,
				2A4182F62970DBEE00D804D5 /* Inspection.swift */,
			);
			path = ViewsUsingStateAndEnvironmentOrEnvironmentObject;
			sourceTree = "<group>";
		};
		2A4182FA2970DD1A00D804D5 /* ViewsUsingStateAndEnvironmentOrEnvironmentObjectTests */ = {
			isa = PBXGroup;
			children = (
				2A4182F22970D99000D804D5 /* ViewsUsingStateAndEnvironmentOrEnvironmentObjectTests.swift */,
				2A4182F82970DCD300D804D5 /* Inspection+Model.swift */,
			);
			path = ViewsUsingStateAndEnvironmentOrEnvironmentObjectTests;
			sourceTree = "<group>";
		};
		2A4182FB2970E12300D804D5 /* CustomViewModifier */ = {
			isa = PBXGroup;
			children = (
				2A4182FC2970E15400D804D5 /* CustomViewModifierView.swift */,
			);
			path = CustomViewModifier;
			sourceTree = "<group>";
		};
		2AA09E3B2978CE74006DCB47 /* GuideGesturesTests */ = {
			isa = PBXGroup;
			children = (
				2AA09E462978CF65006DCB47 /* GestureModifiersViewTests.swift */,
				2AA09E542978D1BB006DCB47 /* GestureMaskViewTests.swift */,
				2AA09E582978D2CD006DCB47 /* GesturePropertiesViewTests.swift */,
				2AA09E5C2978D505006DCB47 /* InvokingGestureUpdatingCallbackViewTests.swift */,
				2AA09E5E2978D54A006DCB47 /* Inspection+Model.swift */,
				2AA09E9B2978D6EB006DCB47 /* GestureKeyboardModifiersVIewTests.swift */,
			);
			path = GuideGesturesTests;
			sourceTree = "<group>";
		};
		2AA09E432978CED3006DCB47 /* GuideGestures */ = {
			isa = PBXGroup;
			children = (
				2AA09E442978CF0C006DCB47 /* GestureModifiersView1.swift */,
				2AA09E482978CFF6006DCB47 /* GestureModifiersView2.swift */,
				2AA09E4A2978D083006DCB47 /* GestureModifiersView3.swift */,
				2AA09E522978D1AD006DCB47 /* GestureMaskView1.swift */,
				2AA09E562978D2C0006DCB47 /* GesturePropertiesView1.swift */,
				2AA09E5A2978D409006DCB47 /* InvokingGestureUpdatingCallbackView.swift */,
				2AA09E622978D5C0006DCB47 /* GestureKeyboardModifiersVIew.swift */,
			);
			path = GuideGestures;
			sourceTree = "<group>";
		};
		2AA09E4F2978D0E0006DCB47 /* Frameworks */ = {
			isa = PBXGroup;
			children = (
			);
			name = Frameworks;
			sourceTree = "<group>";
		};
		2AA09EAA2978D93C006DCB47 /* GuidePopups */ = {
			isa = PBXGroup;
			children = (
				2AB758E52979274B0033069B /* AlertView1.swift */,
				2AB758F129793EAA0033069B /* AlertView2.swift */,
				2AB758F3297942C50033069B /* ActionSheetView1.swift */,
			);
			path = GuidePopups;
			sourceTree = "<group>";
		};
		2AA09EB02978D960006DCB47 /* GuidePopupTests */ = {
			isa = PBXGroup;
			children = (
				2AB758E7297927940033069B /* AlertViewTests.swift */,
				2AB758ED29792C140033069B /* Inspection+Model.swift */,
			);
			path = GuidePopupTests;
			sourceTree = "<group>";
		};
		DAE2108629714EB800642E06 /* Guide */ = {
			isa = PBXGroup;
			children = (
				2A325589296FF4EC009D3FA0 /* TheBasicsView */,
				2A32558C296FF845009D3FA0 /* DynamicQueryWithFindView */,
				2A325597297080DC009D3FA0 /* InspectableAttributesView */,
				2A4182EA2970845700D804D5 /* ViewsUsingBindingAndObservedObject */,
				2A4182EF2970D95C00D804D5 /* ViewsUsingStateAndEnvironmentOrEnvironmentObject */,
				2A4182FB2970E12300D804D5 /* CustomViewModifier */,
			);
			path = Guide;
			sourceTree = "<group>";
		};
/* End PBXGroup section */

/* Begin PBXNativeTarget section */
		2A325552296FED74009D3FA0 /* ViewInspectorDemo */ = {
			isa = PBXNativeTarget;
			buildConfigurationList = 2A325577296FED75009D3FA0 /* Build configuration list for PBXNativeTarget "ViewInspectorDemo" */;
			buildPhases = (
				2A32554F296FED74009D3FA0 /* Sources */,
				2A325550296FED74009D3FA0 /* Frameworks */,
				2A325551296FED74009D3FA0 /* Resources */,
			);
			buildRules = (
			);
			dependencies = (
			);
			name = ViewInspectorDemo;
			packageProductDependencies = (
			);
			productName = ViewInspectorDemo;
			productReference = 2A325553296FED74009D3FA0 /* ViewInspectorDemo.app */;
			productType = "com.apple.product-type.application";
		};
		2A325562296FED75009D3FA0 /* GuideTests */ = {
			isa = PBXNativeTarget;
			buildConfigurationList = 2A32557A296FED75009D3FA0 /* Build configuration list for PBXNativeTarget "GuideTests" */;
			buildPhases = (
				2A32555F296FED75009D3FA0 /* Sources */,
				2A325560296FED75009D3FA0 /* Frameworks */,
				2A325561296FED75009D3FA0 /* Resources */,
			);
			buildRules = (
			);
			dependencies = (
				2A325565296FED75009D3FA0 /* PBXTargetDependency */,
			);
			name = GuideTests;
			packageProductDependencies = (
				2AFB0002297E2212007E4946 /* ViewInspector */,
			);
			productName = ViewInspectorDemoTests;
			productReference = 2A325563296FED75009D3FA0 /* GuideTests.xctest */;
			productType = "com.apple.product-type.bundle.unit-test";
		};
		2AA09E392978CE74006DCB47 /* GuideGesturesTests */ = {
			isa = PBXNativeTarget;
			buildConfigurationList = 2AA09E402978CE74006DCB47 /* Build configuration list for PBXNativeTarget "GuideGesturesTests" */;
			buildPhases = (
				2AA09E362978CE74006DCB47 /* Sources */,
				2AA09E372978CE74006DCB47 /* Frameworks */,
				2AA09E382978CE74006DCB47 /* Resources */,
			);
			buildRules = (
			);
			dependencies = (
				2AA09E3F2978CE74006DCB47 /* PBXTargetDependency */,
			);
			name = GuideGesturesTests;
			packageProductDependencies = (
				2AFB0004297E2218007E4946 /* ViewInspector */,
			);
			productName = GuideGesturesTests;
			productReference = 2AA09E3A2978CE74006DCB47 /* GuideGesturesTests.xctest */;
			productType = "com.apple.product-type.bundle.unit-test";
		};
		2AA09EAE2978D95F006DCB47 /* GuidePopupTests */ = {
			isa = PBXNativeTarget;
			buildConfigurationList = 2AA09EB52978D960006DCB47 /* Build configuration list for PBXNativeTarget "GuidePopupTests" */;
			buildPhases = (
				2AA09EAB2978D95F006DCB47 /* Sources */,
				2AA09EAC2978D95F006DCB47 /* Frameworks */,
				2AA09EAD2978D95F006DCB47 /* Resources */,
			);
			buildRules = (
			);
			dependencies = (
				2AA09EB42978D960006DCB47 /* PBXTargetDependency */,
			);
			name = GuidePopupTests;
			packageProductDependencies = (
				2AFB0006297E221D007E4946 /* ViewInspector */,
			);
			productName = GuidePopupTests;
			productReference = 2AA09EAF2978D95F006DCB47 /* GuidePopupTests.xctest */;
			productType = "com.apple.product-type.bundle.unit-test";
		};
/* End PBXNativeTarget section */

/* Begin PBXProject section */
		2A32554B296FED74009D3FA0 /* Project object */ = {
			isa = PBXProject;
			attributes = {
				BuildIndependentTargetsInParallel = 1;
				LastSwiftUpdateCheck = 1400;
				LastUpgradeCheck = 1400;
				TargetAttributes = {
					2A325552296FED74009D3FA0 = {
						CreatedOnToolsVersion = 14.0;
					};
					2A325562296FED75009D3FA0 = {
						CreatedOnToolsVersion = 14.0;
						TestTargetID = 2A325552296FED74009D3FA0;
					};
					2AA09E392978CE74006DCB47 = {
						CreatedOnToolsVersion = 14.0;
						TestTargetID = 2A325552296FED74009D3FA0;
					};
					2AA09EAE2978D95F006DCB47 = {
						CreatedOnToolsVersion = 14.0;
						TestTargetID = 2A325552296FED74009D3FA0;
					};
				};
			};
			buildConfigurationList = 2A32554E296FED74009D3FA0 /* Build configuration list for PBXProject "ViewInspectorDemo" */;
			compatibilityVersion = "Xcode 14.0";
			developmentRegion = en;
			hasScannedForEncodings = 0;
			knownRegions = (
				en,
				Base,
			);
			mainGroup = 2A32554A296FED74009D3FA0;
			packageReferences = (
				2AFB0001297E2212007E4946 /* XCRemoteSwiftPackageReference "ViewInspector" */,
			);
			productRefGroup = 2A325554296FED74009D3FA0 /* Products */;
			projectDirPath = "";
			projectRoot = "";
			targets = (
				2A325552296FED74009D3FA0 /* ViewInspectorDemo */,
				2A325562296FED75009D3FA0 /* GuideTests */,
				2AA09E392978CE74006DCB47 /* GuideGesturesTests */,
				2AA09EAE2978D95F006DCB47 /* GuidePopupTests */,
			);
		};
/* End PBXProject section */

/* Begin PBXResourcesBuildPhase section */
		2A325551296FED74009D3FA0 /* Resources */ = {
			isa = PBXResourcesBuildPhase;
			buildActionMask = 2147483647;
			files = (
				2A32555E296FED75009D3FA0 /* Preview Assets.xcassets in Resources */,
				2A32555B296FED75009D3FA0 /* Assets.xcassets in Resources */,
			);
			runOnlyForDeploymentPostprocessing = 0;
		};
		2A325561296FED75009D3FA0 /* Resources */ = {
			isa = PBXResourcesBuildPhase;
			buildActionMask = 2147483647;
			files = (
			);
			runOnlyForDeploymentPostprocessing = 0;
		};
		2AA09E382978CE74006DCB47 /* Resources */ = {
			isa = PBXResourcesBuildPhase;
			buildActionMask = 2147483647;
			files = (
			);
			runOnlyForDeploymentPostprocessing = 0;
		};
		2AA09EAD2978D95F006DCB47 /* Resources */ = {
			isa = PBXResourcesBuildPhase;
			buildActionMask = 2147483647;
			files = (
			);
			runOnlyForDeploymentPostprocessing = 0;
		};
/* End PBXResourcesBuildPhase section */

/* Begin PBXSourcesBuildPhase section */
		2A32554F296FED74009D3FA0 /* Sources */ = {
			isa = PBXSourcesBuildPhase;
			buildActionMask = 2147483647;
			files = (
				2A32558E296FF859009D3FA0 /* DynamicQueryWithFindView1.swift in Sources */,
				2A32559029705AF2009D3FA0 /* DynamicQueryWithFindView2.swift in Sources */,
				2AA09E492978CFF6006DCB47 /* GestureModifiersView2.swift in Sources */,
				2AB758F229793EAA0033069B /* AlertView2.swift in Sources */,
				2AB758E62979274B0033069B /* AlertView1.swift in Sources */,
				2A325559296FED74009D3FA0 /* ContentView.swift in Sources */,
				2AA09E632978D5C0006DCB47 /* GestureKeyboardModifiersVIew.swift in Sources */,
				2A4182FD2970E15400D804D5 /* CustomViewModifierView.swift in Sources */,
				2A4182F72970DBEE00D804D5 /* Inspection.swift in Sources */,
				2A4182F52970DBD100D804D5 /* ViewsUsingStateAndEnvironmentOrEnvironmentObjectView2.swift in Sources */,
				2A325557296FED74009D3FA0 /* ViewInspectorDemoApp.swift in Sources */,
				2AA09E532978D1AD006DCB47 /* GestureMaskView1.swift in Sources */,
				2AA09E452978CF0C006DCB47 /* GestureModifiersView1.swift in Sources */,
				2A32558B296FF6C3009D3FA0 /* TheBasicsView2.swift in Sources */,
				2AB758F4297942C50033069B /* ActionSheetView1.swift in Sources */,
				2A4182F12970D97C00D804D5 /* ViewsUsingStateAndEnvironmentOrEnvironmentObjectView1.swift in Sources */,
				2A325582296FF439009D3FA0 /* TheBasicsView1.swift in Sources */,
				2AA09E4B2978D083006DCB47 /* GestureModifiersView3.swift in Sources */,
				2AA09E572978D2C0006DCB47 /* GesturePropertiesView1.swift in Sources */,
				2A325599297080E8009D3FA0 /* InspectableAttributesView1.swift in Sources */,
				2AA09E5B2978D409006DCB47 /* InvokingGestureUpdatingCallbackView.swift in Sources */,
				2A4182EC2970846C00D804D5 /* ViewsUsingBindingAndObservedObjectView1.swift in Sources */,
			);
			runOnlyForDeploymentPostprocessing = 0;
		};
		2A32555F296FED75009D3FA0 /* Sources */ = {
			isa = PBXSourcesBuildPhase;
			buildActionMask = 2147483647;
			files = (
				2A32559629706178009D3FA0 /* InspectableAttributesTests.swift in Sources */,
				2A4182F32970D99000D804D5 /* ViewsUsingStateAndEnvironmentOrEnvironmentObjectTests.swift in Sources */,
				2A4182EE297085C300D804D5 /* ViewsUsingBindingAndObservedObjectViewTests.swift in Sources */,
				2A325592297060F8009D3FA0 /* TheBasicsViewTests.swift in Sources */,
				2A32559429706125009D3FA0 /* DynamicQueryWithFindViewTests.swift in Sources */,
				2A4182F92970DCD300D804D5 /* Inspection+Model.swift in Sources */,
				2A4182FF2970E1B300D804D5 /* CustomViewModifierViewTests.swift in Sources */,
			);
			runOnlyForDeploymentPostprocessing = 0;
		};
		2AA09E362978CE74006DCB47 /* Sources */ = {
			isa = PBXSourcesBuildPhase;
			buildActionMask = 2147483647;
			files = (
				2AA09E9C2978D6EB006DCB47 /* GestureKeyboardModifiersVIewTests.swift in Sources */,
				2AA09E5F2978D54A006DCB47 /* Inspection+Model.swift in Sources */,
				2AA09E5D2978D505006DCB47 /* InvokingGestureUpdatingCallbackViewTests.swift in Sources */,
				2AA09E552978D1BB006DCB47 /* GestureMaskViewTests.swift in Sources */,
				2AA09E592978D2CD006DCB47 /* GesturePropertiesViewTests.swift in Sources */,
				2AA09E472978CF65006DCB47 /* GestureModifiersViewTests.swift in Sources */,
			);
			runOnlyForDeploymentPostprocessing = 0;
		};
		2AA09EAB2978D95F006DCB47 /* Sources */ = {
			isa = PBXSourcesBuildPhase;
			buildActionMask = 2147483647;
			files = (
				2AB758E8297927940033069B /* AlertViewTests.swift in Sources */,
				2AB758EE29792C140033069B /* Inspection+Model.swift in Sources */,
			);
			runOnlyForDeploymentPostprocessing = 0;
		};
/* End PBXSourcesBuildPhase section */

/* Begin PBXTargetDependency section */
		2A325565296FED75009D3FA0 /* PBXTargetDependency */ = {
			isa = PBXTargetDependency;
			target = 2A325552296FED74009D3FA0 /* ViewInspectorDemo */;
			targetProxy = 2A325564296FED75009D3FA0 /* PBXContainerItemProxy */;
		};
		2AA09E3F2978CE74006DCB47 /* PBXTargetDependency */ = {
			isa = PBXTargetDependency;
			target = 2A325552296FED74009D3FA0 /* ViewInspectorDemo */;
			targetProxy = 2AA09E3E2978CE74006DCB47 /* PBXContainerItemProxy */;
		};
		2AA09EB42978D960006DCB47 /* PBXTargetDependency */ = {
			isa = PBXTargetDependency;
			target = 2A325552296FED74009D3FA0 /* ViewInspectorDemo */;
			targetProxy = 2AA09EB32978D960006DCB47 /* PBXContainerItemProxy */;
		};
/* End PBXTargetDependency section */

/* Begin XCBuildConfiguration section */
		2A325575296FED75009D3FA0 /* Debug */ = {
			isa = XCBuildConfiguration;
			buildSettings = {
				ALWAYS_SEARCH_USER_PATHS = NO;
				CLANG_ANALYZER_NONNULL = YES;
				CLANG_ANALYZER_NUMBER_OBJECT_CONVERSION = YES_AGGRESSIVE;
				CLANG_CXX_LANGUAGE_STANDARD = "gnu++20";
				CLANG_ENABLE_MODULES = YES;
				CLANG_ENABLE_OBJC_ARC = YES;
				CLANG_ENABLE_OBJC_WEAK = YES;
				CLANG_WARN_BLOCK_CAPTURE_AUTORELEASING = YES;
				CLANG_WARN_BOOL_CONVERSION = YES;
				CLANG_WARN_COMMA = YES;
				CLANG_WARN_CONSTANT_CONVERSION = YES;
				CLANG_WARN_DEPRECATED_OBJC_IMPLEMENTATIONS = YES;
				CLANG_WARN_DIRECT_OBJC_ISA_USAGE = YES_ERROR;
				CLANG_WARN_DOCUMENTATION_COMMENTS = YES;
				CLANG_WARN_EMPTY_BODY = YES;
				CLANG_WARN_ENUM_CONVERSION = YES;
				CLANG_WARN_INFINITE_RECURSION = YES;
				CLANG_WARN_INT_CONVERSION = YES;
				CLANG_WARN_NON_LITERAL_NULL_CONVERSION = YES;
				CLANG_WARN_OBJC_IMPLICIT_RETAIN_SELF = YES;
				CLANG_WARN_OBJC_LITERAL_CONVERSION = YES;
				CLANG_WARN_OBJC_ROOT_CLASS = YES_ERROR;
				CLANG_WARN_QUOTED_INCLUDE_IN_FRAMEWORK_HEADER = YES;
				CLANG_WARN_RANGE_LOOP_ANALYSIS = YES;
				CLANG_WARN_STRICT_PROTOTYPES = YES;
				CLANG_WARN_SUSPICIOUS_MOVE = YES;
				CLANG_WARN_UNGUARDED_AVAILABILITY = YES_AGGRESSIVE;
				CLANG_WARN_UNREACHABLE_CODE = YES;
				CLANG_WARN__DUPLICATE_METHOD_MATCH = YES;
				COPY_PHASE_STRIP = NO;
				DEBUG_INFORMATION_FORMAT = dwarf;
				ENABLE_STRICT_OBJC_MSGSEND = YES;
				ENABLE_TESTABILITY = YES;
				GCC_C_LANGUAGE_STANDARD = gnu11;
				GCC_DYNAMIC_NO_PIC = NO;
				GCC_NO_COMMON_BLOCKS = YES;
				GCC_OPTIMIZATION_LEVEL = 0;
				GCC_PREPROCESSOR_DEFINITIONS = (
					"DEBUG=1",
					"$(inherited)",
				);
				GCC_WARN_64_TO_32_BIT_CONVERSION = YES;
				GCC_WARN_ABOUT_RETURN_TYPE = YES_ERROR;
				GCC_WARN_UNDECLARED_SELECTOR = YES;
				GCC_WARN_UNINITIALIZED_AUTOS = YES_AGGRESSIVE;
				GCC_WARN_UNUSED_FUNCTION = YES;
				GCC_WARN_UNUSED_VARIABLE = YES;
				IPHONEOS_DEPLOYMENT_TARGET = 16.0;
				MTL_ENABLE_DEBUG_INFO = INCLUDE_SOURCE;
				MTL_FAST_MATH = YES;
				ONLY_ACTIVE_ARCH = YES;
				SDKROOT = iphoneos;
				SWIFT_ACTIVE_COMPILATION_CONDITIONS = DEBUG;
				SWIFT_OPTIMIZATION_LEVEL = "-Onone";
			};
			name = Debug;
		};
		2A325576296FED75009D3FA0 /* Release */ = {
			isa = XCBuildConfiguration;
			buildSettings = {
				ALWAYS_SEARCH_USER_PATHS = NO;
				CLANG_ANALYZER_NONNULL = YES;
				CLANG_ANALYZER_NUMBER_OBJECT_CONVERSION = YES_AGGRESSIVE;
				CLANG_CXX_LANGUAGE_STANDARD = "gnu++20";
				CLANG_ENABLE_MODULES = YES;
				CLANG_ENABLE_OBJC_ARC = YES;
				CLANG_ENABLE_OBJC_WEAK = YES;
				CLANG_WARN_BLOCK_CAPTURE_AUTORELEASING = YES;
				CLANG_WARN_BOOL_CONVERSION = YES;
				CLANG_WARN_COMMA = YES;
				CLANG_WARN_CONSTANT_CONVERSION = YES;
				CLANG_WARN_DEPRECATED_OBJC_IMPLEMENTATIONS = YES;
				CLANG_WARN_DIRECT_OBJC_ISA_USAGE = YES_ERROR;
				CLANG_WARN_DOCUMENTATION_COMMENTS = YES;
				CLANG_WARN_EMPTY_BODY = YES;
				CLANG_WARN_ENUM_CONVERSION = YES;
				CLANG_WARN_INFINITE_RECURSION = YES;
				CLANG_WARN_INT_CONVERSION = YES;
				CLANG_WARN_NON_LITERAL_NULL_CONVERSION = YES;
				CLANG_WARN_OBJC_IMPLICIT_RETAIN_SELF = YES;
				CLANG_WARN_OBJC_LITERAL_CONVERSION = YES;
				CLANG_WARN_OBJC_ROOT_CLASS = YES_ERROR;
				CLANG_WARN_QUOTED_INCLUDE_IN_FRAMEWORK_HEADER = YES;
				CLANG_WARN_RANGE_LOOP_ANALYSIS = YES;
				CLANG_WARN_STRICT_PROTOTYPES = YES;
				CLANG_WARN_SUSPICIOUS_MOVE = YES;
				CLANG_WARN_UNGUARDED_AVAILABILITY = YES_AGGRESSIVE;
				CLANG_WARN_UNREACHABLE_CODE = YES;
				CLANG_WARN__DUPLICATE_METHOD_MATCH = YES;
				COPY_PHASE_STRIP = NO;
				DEBUG_INFORMATION_FORMAT = "dwarf-with-dsym";
				ENABLE_NS_ASSERTIONS = NO;
				ENABLE_STRICT_OBJC_MSGSEND = YES;
				GCC_C_LANGUAGE_STANDARD = gnu11;
				GCC_NO_COMMON_BLOCKS = YES;
				GCC_WARN_64_TO_32_BIT_CONVERSION = YES;
				GCC_WARN_ABOUT_RETURN_TYPE = YES_ERROR;
				GCC_WARN_UNDECLARED_SELECTOR = YES;
				GCC_WARN_UNINITIALIZED_AUTOS = YES_AGGRESSIVE;
				GCC_WARN_UNUSED_FUNCTION = YES;
				GCC_WARN_UNUSED_VARIABLE = YES;
				IPHONEOS_DEPLOYMENT_TARGET = 16.0;
				MTL_ENABLE_DEBUG_INFO = NO;
				MTL_FAST_MATH = YES;
				SDKROOT = iphoneos;
				SWIFT_COMPILATION_MODE = wholemodule;
				SWIFT_OPTIMIZATION_LEVEL = "-O";
				VALIDATE_PRODUCT = YES;
			};
			name = Release;
		};
		2A325578296FED75009D3FA0 /* Debug */ = {
			isa = XCBuildConfiguration;
			buildSettings = {
				ASSETCATALOG_COMPILER_APPICON_NAME = AppIcon;
				ASSETCATALOG_COMPILER_GLOBAL_ACCENT_COLOR_NAME = AccentColor;
				CODE_SIGN_STYLE = Automatic;
				CURRENT_PROJECT_VERSION = 1;
				DEVELOPMENT_ASSET_PATHS = "\"ViewInspectorDemo/Preview Content\"";
				DEVELOPMENT_TEAM = 634C8XNAX7;
				ENABLE_PREVIEWS = YES;
				GENERATE_INFOPLIST_FILE = YES;
				INFOPLIST_KEY_UIApplicationSceneManifest_Generation = YES;
				INFOPLIST_KEY_UIApplicationSupportsIndirectInputEvents = YES;
				INFOPLIST_KEY_UILaunchScreen_Generation = YES;
				INFOPLIST_KEY_UISupportedInterfaceOrientations_iPad = "UIInterfaceOrientationPortrait UIInterfaceOrientationPortraitUpsideDown UIInterfaceOrientationLandscapeLeft UIInterfaceOrientationLandscapeRight";
				INFOPLIST_KEY_UISupportedInterfaceOrientations_iPhone = "UIInterfaceOrientationPortrait UIInterfaceOrientationLandscapeLeft UIInterfaceOrientationLandscapeRight";
				LD_RUNPATH_SEARCH_PATHS = (
					"$(inherited)",
					"@executable_path/Frameworks",
				);
				MARKETING_VERSION = 1.0;
				PRODUCT_BUNDLE_IDENTIFIER = jp.co.morisawa.hikeuchi.ViewInspectorDemo;
				PRODUCT_NAME = "$(TARGET_NAME)";
				SWIFT_EMIT_LOC_STRINGS = YES;
				SWIFT_VERSION = 5.0;
				TARGETED_DEVICE_FAMILY = "1,2";
			};
			name = Debug;
		};
		2A325579296FED75009D3FA0 /* Release */ = {
			isa = XCBuildConfiguration;
			buildSettings = {
				ASSETCATALOG_COMPILER_APPICON_NAME = AppIcon;
				ASSETCATALOG_COMPILER_GLOBAL_ACCENT_COLOR_NAME = AccentColor;
				CODE_SIGN_STYLE = Automatic;
				CURRENT_PROJECT_VERSION = 1;
				DEVELOPMENT_ASSET_PATHS = "\"ViewInspectorDemo/Preview Content\"";
				DEVELOPMENT_TEAM = 634C8XNAX7;
				ENABLE_PREVIEWS = YES;
				GENERATE_INFOPLIST_FILE = YES;
				INFOPLIST_KEY_UIApplicationSceneManifest_Generation = YES;
				INFOPLIST_KEY_UIApplicationSupportsIndirectInputEvents = YES;
				INFOPLIST_KEY_UILaunchScreen_Generation = YES;
				INFOPLIST_KEY_UISupportedInterfaceOrientations_iPad = "UIInterfaceOrientationPortrait UIInterfaceOrientationPortraitUpsideDown UIInterfaceOrientationLandscapeLeft UIInterfaceOrientationLandscapeRight";
				INFOPLIST_KEY_UISupportedInterfaceOrientations_iPhone = "UIInterfaceOrientationPortrait UIInterfaceOrientationLandscapeLeft UIInterfaceOrientationLandscapeRight";
				LD_RUNPATH_SEARCH_PATHS = (
					"$(inherited)",
					"@executable_path/Frameworks",
				);
				MARKETING_VERSION = 1.0;
				PRODUCT_BUNDLE_IDENTIFIER = jp.co.morisawa.hikeuchi.ViewInspectorDemo;
				PRODUCT_NAME = "$(TARGET_NAME)";
				SWIFT_EMIT_LOC_STRINGS = YES;
				SWIFT_VERSION = 5.0;
				TARGETED_DEVICE_FAMILY = "1,2";
			};
			name = Release;
		};
		2A32557B296FED75009D3FA0 /* Debug */ = {
			isa = XCBuildConfiguration;
			buildSettings = {
				ALWAYS_EMBED_SWIFT_STANDARD_LIBRARIES = YES;
				BUNDLE_LOADER = "$(TEST_HOST)";
				CODE_SIGN_STYLE = Automatic;
				CURRENT_PROJECT_VERSION = 1;
				DEVELOPMENT_TEAM = 634C8XNAX7;
				GENERATE_INFOPLIST_FILE = YES;
				IPHONEOS_DEPLOYMENT_TARGET = 16.0;
				MARKETING_VERSION = 1.0;
				PRODUCT_BUNDLE_IDENTIFIER = jp.co.morisawa.hikeuchi.ViewInspectorDemoTests;
				PRODUCT_NAME = "$(TARGET_NAME)";
				SWIFT_EMIT_LOC_STRINGS = NO;
				SWIFT_VERSION = 5.0;
				TARGETED_DEVICE_FAMILY = "1,2";
				TEST_HOST = "$(BUILT_PRODUCTS_DIR)/ViewInspectorDemo.app/$(BUNDLE_EXECUTABLE_FOLDER_PATH)/ViewInspectorDemo";
			};
			name = Debug;
		};
		2A32557C296FED75009D3FA0 /* Release */ = {
			isa = XCBuildConfiguration;
			buildSettings = {
				ALWAYS_EMBED_SWIFT_STANDARD_LIBRARIES = YES;
				BUNDLE_LOADER = "$(TEST_HOST)";
				CODE_SIGN_STYLE = Automatic;
				CURRENT_PROJECT_VERSION = 1;
				DEVELOPMENT_TEAM = 662PVPVA3N;
				GENERATE_INFOPLIST_FILE = YES;
				IPHONEOS_DEPLOYMENT_TARGET = 16.0;
				MARKETING_VERSION = 1.0;
				PRODUCT_BUNDLE_IDENTIFIER = jp.co.morisawa.hikeuchi.ViewInspectorDemoTests;
				PRODUCT_NAME = "$(TARGET_NAME)";
				SWIFT_EMIT_LOC_STRINGS = NO;
				SWIFT_VERSION = 5.0;
				TARGETED_DEVICE_FAMILY = "1,2";
				TEST_HOST = "$(BUILT_PRODUCTS_DIR)/ViewInspectorDemo.app/$(BUNDLE_EXECUTABLE_FOLDER_PATH)/ViewInspectorDemo";
			};
			name = Release;
		};
		2AA09E412978CE74006DCB47 /* Debug */ = {
			isa = XCBuildConfiguration;
			buildSettings = {
				BUNDLE_LOADER = "$(TEST_HOST)";
				CODE_SIGN_STYLE = Automatic;
				CURRENT_PROJECT_VERSION = 1;
				DEVELOPMENT_TEAM = 662PVPVA3N;
				GENERATE_INFOPLIST_FILE = YES;
				IPHONEOS_DEPLOYMENT_TARGET = 16.0;
				MACOSX_DEPLOYMENT_TARGET = 12.3;
				MARKETING_VERSION = 1.0;
				PRODUCT_BUNDLE_IDENTIFIER = jp.co.morisawa.hikeuchi.GuideGesturesTests;
				PRODUCT_NAME = "$(TARGET_NAME)";
				SDKROOT = auto;
				SUPPORTED_PLATFORMS = "iphoneos iphonesimulator macosx";
				SWIFT_EMIT_LOC_STRINGS = NO;
				SWIFT_VERSION = 5.0;
				TARGETED_DEVICE_FAMILY = "1,2";
				TEST_HOST = "$(BUILT_PRODUCTS_DIR)/ViewInspectorDemo.app/$(BUNDLE_EXECUTABLE_FOLDER_PATH)/ViewInspectorDemo";
			};
			name = Debug;
		};
		2AA09E422978CE74006DCB47 /* Release */ = {
			isa = XCBuildConfiguration;
			buildSettings = {
				BUNDLE_LOADER = "$(TEST_HOST)";
				CODE_SIGN_STYLE = Automatic;
				CURRENT_PROJECT_VERSION = 1;
				DEVELOPMENT_TEAM = 662PVPVA3N;
				GENERATE_INFOPLIST_FILE = YES;
				IPHONEOS_DEPLOYMENT_TARGET = 16.0;
				MACOSX_DEPLOYMENT_TARGET = 12.3;
				MARKETING_VERSION = 1.0;
				PRODUCT_BUNDLE_IDENTIFIER = jp.co.morisawa.hikeuchi.GuideGesturesTests;
				PRODUCT_NAME = "$(TARGET_NAME)";
				SDKROOT = auto;
				SUPPORTED_PLATFORMS = "iphoneos iphonesimulator macosx";
				SWIFT_EMIT_LOC_STRINGS = NO;
				SWIFT_VERSION = 5.0;
				TARGETED_DEVICE_FAMILY = "1,2";
				TEST_HOST = "$(BUILT_PRODUCTS_DIR)/ViewInspectorDemo.app/$(BUNDLE_EXECUTABLE_FOLDER_PATH)/ViewInspectorDemo";
			};
			name = Release;
		};
		2AA09EB62978D960006DCB47 /* Debug */ = {
			isa = XCBuildConfiguration;
			buildSettings = {
				BUNDLE_LOADER = "$(TEST_HOST)";
				CODE_SIGN_STYLE = Automatic;
				CURRENT_PROJECT_VERSION = 1;
				DEVELOPMENT_TEAM = 662PVPVA3N;
				GENERATE_INFOPLIST_FILE = YES;
				MARKETING_VERSION = 1.0;
				PRODUCT_BUNDLE_IDENTIFIER = jp.co.morisawa.hikeuchi.GuidePopupTests;
				PRODUCT_NAME = "$(TARGET_NAME)";
				SWIFT_EMIT_LOC_STRINGS = NO;
				SWIFT_VERSION = 5.0;
				TARGETED_DEVICE_FAMILY = "1,2";
				TEST_HOST = "$(BUILT_PRODUCTS_DIR)/ViewInspectorDemo.app/$(BUNDLE_EXECUTABLE_FOLDER_PATH)/ViewInspectorDemo";
			};
			name = Debug;
		};
		2AA09EB72978D960006DCB47 /* Release */ = {
			isa = XCBuildConfiguration;
			buildSettings = {
				BUNDLE_LOADER = "$(TEST_HOST)";
				CODE_SIGN_STYLE = Automatic;
				CURRENT_PROJECT_VERSION = 1;
				DEVELOPMENT_TEAM = 662PVPVA3N;
				GENERATE_INFOPLIST_FILE = YES;
				MARKETING_VERSION = 1.0;
				PRODUCT_BUNDLE_IDENTIFIER = jp.co.morisawa.hikeuchi.GuidePopupTests;
				PRODUCT_NAME = "$(TARGET_NAME)";
				SWIFT_EMIT_LOC_STRINGS = NO;
				SWIFT_VERSION = 5.0;
				TARGETED_DEVICE_FAMILY = "1,2";
				TEST_HOST = "$(BUILT_PRODUCTS_DIR)/ViewInspectorDemo.app/$(BUNDLE_EXECUTABLE_FOLDER_PATH)/ViewInspectorDemo";
			};
			name = Release;
		};
/* End XCBuildConfiguration section */

/* Begin XCConfigurationList section */
		2A32554E296FED74009D3FA0 /* Build configuration list for PBXProject "ViewInspectorDemo" */ = {
			isa = XCConfigurationList;
			buildConfigurations = (
				2A325575296FED75009D3FA0 /* Debug */,
				2A325576296FED75009D3FA0 /* Release */,
			);
			defaultConfigurationIsVisible = 0;
			defaultConfigurationName = Release;
		};
		2A325577296FED75009D3FA0 /* Build configuration list for PBXNativeTarget "ViewInspectorDemo" */ = {
			isa = XCConfigurationList;
			buildConfigurations = (
				2A325578296FED75009D3FA0 /* Debug */,
				2A325579296FED75009D3FA0 /* Release */,
			);
			defaultConfigurationIsVisible = 0;
			defaultConfigurationName = Release;
		};
		2A32557A296FED75009D3FA0 /* Build configuration list for PBXNativeTarget "GuideTests" */ = {
			isa = XCConfigurationList;
			buildConfigurations = (
				2A32557B296FED75009D3FA0 /* Debug */,
				2A32557C296FED75009D3FA0 /* Release */,
			);
			defaultConfigurationIsVisible = 0;
			defaultConfigurationName = Release;
		};
		2AA09E402978CE74006DCB47 /* Build configuration list for PBXNativeTarget "GuideGesturesTests" */ = {
			isa = XCConfigurationList;
			buildConfigurations = (
				2AA09E412978CE74006DCB47 /* Debug */,
				2AA09E422978CE74006DCB47 /* Release */,
			);
			defaultConfigurationIsVisible = 0;
			defaultConfigurationName = Release;
		};
		2AA09EB52978D960006DCB47 /* Build configuration list for PBXNativeTarget "GuidePopupTests" */ = {
			isa = XCConfigurationList;
			buildConfigurations = (
				2AA09EB62978D960006DCB47 /* Debug */,
				2AA09EB72978D960006DCB47 /* Release */,
			);
			defaultConfigurationIsVisible = 0;
			defaultConfigurationName = Release;
		};
/* End XCConfigurationList section */

/* Begin XCRemoteSwiftPackageReference section */
		2AFB0001297E2212007E4946 /* XCRemoteSwiftPackageReference "ViewInspector" */ = {
			isa = XCRemoteSwiftPackageReference;
			repositoryURL = "https://github.com/nalexn/ViewInspector";
			requirement = {
				branch = 0.9.6;
				kind = branch;
			};
		};
/* End XCRemoteSwiftPackageReference section */

/* Begin XCSwiftPackageProductDependency section */
		2AFB0002297E2212007E4946 /* ViewInspector */ = {
			isa = XCSwiftPackageProductDependency;
			package = 2AFB0001297E2212007E4946 /* XCRemoteSwiftPackageReference "ViewInspector" */;
			productName = ViewInspector;
		};
		2AFB0004297E2218007E4946 /* ViewInspector */ = {
			isa = XCSwiftPackageProductDependency;
			package = 2AFB0001297E2212007E4946 /* XCRemoteSwiftPackageReference "ViewInspector" */;
			productName = ViewInspector;
		};
		2AFB0006297E221D007E4946 /* ViewInspector */ = {
			isa = XCSwiftPackageProductDependency;
			package = 2AFB0001297E2212007E4946 /* XCRemoteSwiftPackageReference "ViewInspector" */;
			productName = ViewInspector;
		};
/* End XCSwiftPackageProductDependency section */
	};
	rootObject = 2A32554B296FED74009D3FA0 /* Project object */;
}
