// !$*UTF8*$!
{
	archiveVersion = 1;
	classes = {
	};
	objectVersion = 55;
	objects = {

/* Begin PBXBuildFile section */
		DA87FAAB289577F300B63545 /* HomeAppDemoApp.swift in Sources */ = {isa = PBXBuildFile; fileRef = DA87FAAA289577F300B63545 /* HomeAppDemoApp.swift */; };
		DA87FAAD289577F300B63545 /* ContentView.swift in Sources */ = {isa = PBXBuildFile; fileRef = DA87FAAC289577F300B63545 /* ContentView.swift */; };
		DA87FAAF289577F300B63545 /* Assets.xcassets in Resources */ = {isa = PBXBuildFile; fileRef = DA87FAAE289577F300B63545 /* Assets.xcassets */; };
		DA87FAB2289577F300B63545 /* Preview Assets.xcassets in Resources */ = {isa = PBXBuildFile; fileRef = DA87FAB1289577F300B63545 /* Preview Assets.xcassets */; };
		DA87FAB92896387E00B63545 /* HomeAppView.swift in Sources */ = {isa = PBXBuildFile; fileRef = DA87FAB82896387E00B63545 /* HomeAppView.swift */; };
		DA87FABB2896388F00B63545 /* RopeView.swift in Sources */ = {isa = PBXBuildFile; fileRef = DA87FABA2896388F00B63545 /* RopeView.swift */; };
		DA87FABD28965E0B00B63545 /* PhysicsManager.swift in Sources */ = {isa = PBXBuildFile; fileRef = DA87FABC28965E0B00B63545 /* PhysicsManager.swift */; };
		DA87FAC028965FAD00B63545 /* AnchorView.swift in Sources */ = {isa = PBXBuildFile; fileRef = DA87FABF28965FAD00B63545 /* AnchorView.swift */; };
		DA87FAC328965FC700B63545 /* UnitColors.swift in Sources */ = {isa = PBXBuildFile; fileRef = DA87FAC228965FC700B63545 /* UnitColors.swift */; };
		DA97712228967588002F85FE /* UnitView.swift in Sources */ = {isa = PBXBuildFile; fileRef = DA97712128967588002F85FE /* UnitView.swift */; };
/* End PBXBuildFile section */

/* Begin PBXFileReference section */
		DA87FAA7289577F300B63545 /* HomeAppDemo.app */ = {isa = PBXFileReference; explicitFileType = wrapper.application; includeInIndex = 0; path = HomeAppDemo.app; sourceTree = BUILT_PRODUCTS_DIR; };
		DA87FAAA289577F300B63545 /* HomeAppDemoApp.swift */ = {isa = PBXFileReference; lastKnownFileType = sourcecode.swift; path = HomeAppDemoApp.swift; sourceTree = "<group>"; };
		DA87FAAC289577F300B63545 /* ContentView.swift */ = {isa = PBXFileReference; lastKnownFileType = sourcecode.swift; path = ContentView.swift; sourceTree = "<group>"; };
		DA87FAAE289577F300B63545 /* Assets.xcassets */ = {isa = PBXFileReference; lastKnownFileType = folder.assetcatalog; path = Assets.xcassets; sourceTree = "<group>"; };
		DA87FAB1289577F300B63545 /* Preview Assets.xcassets */ = {isa = PBXFileReference; lastKnownFileType = folder.assetcatalog; path = "Preview Assets.xcassets"; sourceTree = "<group>"; };
		DA87FAB82896387E00B63545 /* HomeAppView.swift */ = {isa = PBXFileReference; lastKnownFileType = sourcecode.swift; path = HomeAppView.swift; sourceTree = "<group>"; };
		DA87FABA2896388F00B63545 /* RopeView.swift */ = {isa = PBXFileReference; lastKnownFileType = sourcecode.swift; path = RopeView.swift; sourceTree = "<group>"; };
		DA87FABC28965E0B00B63545 /* PhysicsManager.swift */ = {isa = PBXFileReference; lastKnownFileType = sourcecode.swift; path = PhysicsManager.swift; sourceTree = "<group>"; };
		DA87FABF28965FAD00B63545 /* AnchorView.swift */ = {isa = PBXFileReference; lastKnownFileType = sourcecode.swift; path = AnchorView.swift; sourceTree = "<group>"; };
		DA87FAC228965FC700B63545 /* UnitColors.swift */ = {isa = PBXFileReference; lastKnownFileType = sourcecode.swift; path = UnitColors.swift; sourceTree = "<group>"; };
		DA97712128967588002F85FE /* UnitView.swift */ = {isa = PBXFileReference; lastKnownFileType = sourcecode.swift; path = UnitView.swift; sourceTree = "<group>"; };
/* End PBXFileReference section */

/* Begin PBXFrameworksBuildPhase section */
		DA87FAA4289577F300B63545 /* Frameworks */ = {
			isa = PBXFrameworksBuildPhase;
			buildActionMask = 2147483647;
			files = (
			);
			runOnlyForDeploymentPostprocessing = 0;
		};
/* End PBXFrameworksBuildPhase section */

/* Begin PBXGroup section */
		DA87FA9E289577F300B63545 = {
			isa = PBXGroup;
			children = (
				DA87FAA9289577F300B63545 /* HomeAppDemo */,
				DA87FAA8289577F300B63545 /* Products */,
			);
			sourceTree = "<group>";
		};
		DA87FAA8289577F300B63545 /* Products */ = {
			isa = PBXGroup;
			children = (
				DA87FAA7289577F300B63545 /* HomeAppDemo.app */,
			);
			name = Products;
			sourceTree = "<group>";
		};
		DA87FAA9289577F300B63545 /* HomeAppDemo */ = {
			isa = PBXGroup;
			children = (
				DA87FAAA289577F300B63545 /* HomeAppDemoApp.swift */,
				DA87FAAC289577F300B63545 /* ContentView.swift */,
				DA87FAC128965FBE00B63545 /* Models */,
				DA87FABE28965F9C00B63545 /* Views */,
				DA87FABC28965E0B00B63545 /* PhysicsManager.swift */,
				DA87FAAE289577F300B63545 /* Assets.xcassets */,
				DA87FAB0289577F300B63545 /* Preview Content */,
			);
			path = HomeAppDemo;
			sourceTree = "<group>";
		};
		DA87FAB0289577F300B63545 /* Preview Content */ = {
			isa = PBXGroup;
			children = (
				DA87FAB1289577F300B63545 /* Preview Assets.xcassets */,
			);
			path = "Preview Content";
			sourceTree = "<group>";
		};
		DA87FABE28965F9C00B63545 /* Views */ = {
			isa = PBXGroup;
			children = (
				DA87FAB82896387E00B63545 /* HomeAppView.swift */,
				DA87FABA2896388F00B63545 /* RopeView.swift */,
				DA87FABF28965FAD00B63545 /* AnchorView.swift */,
				DA97712128967588002F85FE /* UnitView.swift */,
			);
			path = Views;
			sourceTree = "<group>";
		};
		DA87FAC128965FBE00B63545 /* Models */ = {
			isa = PBXGroup;
			children = (
				DA87FAC228965FC700B63545 /* UnitColors.swift */,
			);
			path = Models;
			sourceTree = "<group>";
		};
/* End PBXGroup section */

/* Begin PBXNativeTarget section */
		DA87FAA6289577F300B63545 /* HomeAppDemo */ = {
			isa = PBXNativeTarget;
			buildConfigurationList = DA87FAB5289577F300B63545 /* Build configuration list for PBXNativeTarget "HomeAppDemo" */;
			buildPhases = (
				DA87FAA3289577F300B63545 /* Sources */,
				DA87FAA4289577F300B63545 /* Frameworks */,
				DA87FAA5289577F300B63545 /* Resources */,
			);
			buildRules = (
			);
			dependencies = (
			);
			name = HomeAppDemo;
			productName = HomeAppDemo;
			productReference = DA87FAA7289577F300B63545 /* HomeAppDemo.app */;
			productType = "com.apple.product-type.application";
		};
/* End PBXNativeTarget section */

/* Begin PBXProject section */
		DA87FA9F289577F300B63545 /* Project object */ = {
			isa = PBXProject;
			attributes = {
				BuildIndependentTargetsInParallel = 1;
				LastSwiftUpdateCheck = 1340;
				LastUpgradeCheck = 1340;
				TargetAttributes = {
					DA87FAA6289577F300B63545 = {
						CreatedOnToolsVersion = 13.4.1;
					};
				};
			};
			buildConfigurationList = DA87FAA2289577F300B63545 /* Build configuration list for PBXProject "HomeAppDemo" */;
			compatibilityVersion = "Xcode 13.0";
			developmentRegion = en;
			hasScannedForEncodings = 0;
			knownRegions = (
				en,
				Base,
			);
			mainGroup = DA87FA9E289577F300B63545;
			productRefGroup = DA87FAA8289577F300B63545 /* Products */;
			projectDirPath = "";
			projectRoot = "";
			targets = (
				DA87FAA6289577F300B63545 /* HomeAppDemo */,
			);
		};
/* End PBXProject section */

/* Begin PBXResourcesBuildPhase section */
		DA87FAA5289577F300B63545 /* Resources */ = {
			isa = PBXResourcesBuildPhase;
			buildActionMask = 2147483647;
			files = (
				DA87FAB2289577F300B63545 /* Preview Assets.xcassets in Resources */,
				DA87FAAF289577F300B63545 /* Assets.xcassets in Resources */,
			);
			runOnlyForDeploymentPostprocessing = 0;
		};
/* End PBXResourcesBuildPhase section */

/* Begin PBXSourcesBuildPhase section */
		DA87FAA3289577F300B63545 /* Sources */ = {
			isa = PBXSourcesBuildPhase;
			buildActionMask = 2147483647;
			files = (
				DA87FAAD289577F300B63545 /* ContentView.swift in Sources */,
				DA87FAAB289577F300B63545 /* HomeAppDemoApp.swift in Sources */,
				DA87FABB2896388F00B63545 /* RopeView.swift in Sources */,
				DA87FAC328965FC700B63545 /* UnitColors.swift in Sources */,
				DA97712228967588002F85FE /* UnitView.swift in Sources */,
				DA87FAB92896387E00B63545 /* HomeAppView.swift in Sources */,
				DA87FABD28965E0B00B63545 /* PhysicsManager.swift in Sources */,
				DA87FAC028965FAD00B63545 /* AnchorView.swift in Sources */,
			);
			runOnlyForDeploymentPostprocessing = 0;
		};
/* End PBXSourcesBuildPhase section */

/* Begin XCBuildConfiguration section */
		DA87FAB3289577F300B63545 /* Debug */ = {
			isa = XCBuildConfiguration;
			buildSettings = {
				ALWAYS_SEARCH_USER_PATHS = NO;
				CLANG_ANALYZER_NONNULL = YES;
				CLANG_ANALYZER_NUMBER_OBJECT_CONVERSION = YES_AGGRESSIVE;
				CLANG_CXX_LANGUAGE_STANDARD = "gnu++17";
				CLANG_ENABLE_MODULES = YES;
				CLANG_ENABLE_OBJC_ARC = YES;
				CLANG_ENABLE_OBJC_WEAK = YES;
				CLANG_WARN_BLOCK_CAPTURE_AUTORELEASING = YES;
				CLANG_WARN_BOOL_CONVERSION = YES;
				CLANG_WARN_COMMA = YES;
				CLANG_WARN_CONSTANT_CONVERSION = YES;
				CLANG_WARN_DEPRECATED_OBJC_IMPLEMENTATIONS = YES;
				CLANG_WARN_DIRECT_OBJC_ISA_USAGE = YES_ERROR;
				CLANG_WARN_DOCUMENTATION_COMMENTS = YES;
				CLANG_WARN_EMPTY_BODY = YES;
				CLANG_WARN_ENUM_CONVERSION = YES;
				CLANG_WARN_INFINITE_RECURSION = YES;
				CLANG_WARN_INT_CONVERSION = YES;
				CLANG_WARN_NON_LITERAL_NULL_CONVERSION = YES;
				CLANG_WARN_OBJC_IMPLICIT_RETAIN_SELF = YES;
				CLANG_WARN_OBJC_LITERAL_CONVERSION = YES;
				CLANG_WARN_OBJC_ROOT_CLASS = YES_ERROR;
				CLANG_WARN_QUOTED_INCLUDE_IN_FRAMEWORK_HEADER = YES;
				CLANG_WARN_RANGE_LOOP_ANALYSIS = YES;
				CLANG_WARN_STRICT_PROTOTYPES = YES;
				CLANG_WARN_SUSPICIOUS_MOVE = YES;
				CLANG_WARN_UNGUARDED_AVAILABILITY = YES_AGGRESSIVE;
				CLANG_WARN_UNREACHABLE_CODE = YES;
				CLANG_WARN__DUPLICATE_METHOD_MATCH = YES;
				COPY_PHASE_STRIP = NO;
				DEBUG_INFORMATION_FORMAT = dwarf;
				ENABLE_STRICT_OBJC_MSGSEND = YES;
				ENABLE_TESTABILITY = YES;
				GCC_C_LANGUAGE_STANDARD = gnu11;
				GCC_DYNAMIC_NO_PIC = NO;
				GCC_NO_COMMON_BLOCKS = YES;
				GCC_OPTIMIZATION_LEVEL = 0;
				GCC_PREPROCESSOR_DEFINITIONS = (
					"DEBUG=1",
					"$(inherited)",
				);
				GCC_WARN_64_TO_32_BIT_CONVERSION = YES;
				GCC_WARN_ABOUT_RETURN_TYPE = YES_ERROR;
				GCC_WARN_UNDECLARED_SELECTOR = YES;
				GCC_WARN_UNINITIALIZED_AUTOS = YES_AGGRESSIVE;
				GCC_WARN_UNUSED_FUNCTION = YES;
				GCC_WARN_UNUSED_VARIABLE = YES;
				IPHONEOS_DEPLOYMENT_TARGET = 15.5;
				MTL_ENABLE_DEBUG_INFO = INCLUDE_SOURCE;
				MTL_FAST_MATH = YES;
				ONLY_ACTIVE_ARCH = YES;
				SDKROOT = iphoneos;
				SWIFT_ACTIVE_COMPILATION_CONDITIONS = DEBUG;
				SWIFT_OPTIMIZATION_LEVEL = "-Onone";
			};
			name = Debug;
		};
		DA87FAB4289577F300B63545 /* Release */ = {
			isa = XCBuildConfiguration;
			buildSettings = {
				ALWAYS_SEARCH_USER_PATHS = NO;
				CLANG_ANALYZER_NONNULL = YES;
				CLANG_ANALYZER_NUMBER_OBJECT_CONVERSION = YES_AGGRESSIVE;
				CLANG_CXX_LANGUAGE_STANDARD = "gnu++17";
				CLANG_ENABLE_MODULES = YES;
				CLANG_ENABLE_OBJC_ARC = YES;
				CLANG_ENABLE_OBJC_WEAK = YES;
				CLANG_WARN_BLOCK_CAPTURE_AUTORELEASING = YES;
				CLANG_WARN_BOOL_CONVERSION = YES;
				CLANG_WARN_COMMA = YES;
				CLANG_WARN_CONSTANT_CONVERSION = YES;
				CLANG_WARN_DEPRECATED_OBJC_IMPLEMENTATIONS = YES;
				CLANG_WARN_DIRECT_OBJC_ISA_USAGE = YES_ERROR;
				CLANG_WARN_DOCUMENTATION_COMMENTS = YES;
				CLANG_WARN_EMPTY_BODY = YES;
				CLANG_WARN_ENUM_CONVERSION = YES;
				CLANG_WARN_INFINITE_RECURSION = YES;
				CLANG_WARN_INT_CONVERSION = YES;
				CLANG_WARN_NON_LITERAL_NULL_CONVERSION = YES;
				CLANG_WARN_OBJC_IMPLICIT_RETAIN_SELF = YES;
				CLANG_WARN_OBJC_LITERAL_CONVERSION = YES;
				CLANG_WARN_OBJC_ROOT_CLASS = YES_ERROR;
				CLANG_WARN_QUOTED_INCLUDE_IN_FRAMEWORK_HEADER = YES;
				CLANG_WARN_RANGE_LOOP_ANALYSIS = YES;
				CLANG_WARN_STRICT_PROTOTYPES = YES;
				CLANG_WARN_SUSPICIOUS_MOVE = YES;
				CLANG_WARN_UNGUARDED_AVAILABILITY = YES_AGGRESSIVE;
				CLANG_WARN_UNREACHABLE_CODE = YES;
				CLANG_WARN__DUPLICATE_METHOD_MATCH = YES;
				COPY_PHASE_STRIP = NO;
				DEBUG_INFORMATION_FORMAT = "dwarf-with-dsym";
				ENABLE_NS_ASSERTIONS = NO;
				ENABLE_STRICT_OBJC_MSGSEND = YES;
				GCC_C_LANGUAGE_STANDARD = gnu11;
				GCC_NO_COMMON_BLOCKS = YES;
				GCC_WARN_64_TO_32_BIT_CONVERSION = YES;
				GCC_WARN_ABOUT_RETURN_TYPE = YES_ERROR;
				GCC_WARN_UNDECLARED_SELECTOR = YES;
				GCC_WARN_UNINITIALIZED_AUTOS = YES_AGGRESSIVE;
				GCC_WARN_UNUSED_FUNCTION = YES;
				GCC_WARN_UNUSED_VARIABLE = YES;
				IPHONEOS_DEPLOYMENT_TARGET = 15.5;
				MTL_ENABLE_DEBUG_INFO = NO;
				MTL_FAST_MATH = YES;
				SDKROOT = iphoneos;
				SWIFT_COMPILATION_MODE = wholemodule;
				SWIFT_OPTIMIZATION_LEVEL = "-O";
				VALIDATE_PRODUCT = YES;
			};
			name = Release;
		};
		DA87FAB6289577F300B63545 /* Debug */ = {
			isa = XCBuildConfiguration;
			buildSettings = {
				ASSETCATALOG_COMPILER_APPICON_NAME = AppIcon;
				ASSETCATALOG_COMPILER_GLOBAL_ACCENT_COLOR_NAME = AccentColor;
				CODE_SIGN_STYLE = Automatic;
				CURRENT_PROJECT_VERSION = 1;
				DEVELOPMENT_ASSET_PATHS = "\"HomeAppDemo/Preview Content\"";
				DEVELOPMENT_TEAM = BWMJMJK727;
				ENABLE_PREVIEWS = YES;
				GENERATE_INFOPLIST_FILE = YES;
				INFOPLIST_KEY_UIApplicationSceneManifest_Generation = YES;
				INFOPLIST_KEY_UIApplicationSupportsIndirectInputEvents = YES;
				INFOPLIST_KEY_UILaunchScreen_Generation = YES;
				INFOPLIST_KEY_UISupportedInterfaceOrientations_iPad = "UIInterfaceOrientationPortrait UIInterfaceOrientationPortraitUpsideDown UIInterfaceOrientationLandscapeLeft UIInterfaceOrientationLandscapeRight";
				INFOPLIST_KEY_UISupportedInterfaceOrientations_iPhone = "UIInterfaceOrientationPortrait UIInterfaceOrientationLandscapeLeft UIInterfaceOrientationLandscapeRight";
				LD_RUNPATH_SEARCH_PATHS = (
					"$(inherited)",
					"@executable_path/Frameworks",
				);
				MARKETING_VERSION = 1.0;
				PRODUCT_BUNDLE_IDENTIFIER = com.gmail.ikeh1024.HomeAppDemo;
				PRODUCT_NAME = "$(TARGET_NAME)";
				SWIFT_EMIT_LOC_STRINGS = YES;
				SWIFT_VERSION = 5.0;
				TARGETED_DEVICE_FAMILY = "1,2";
			};
			name = Debug;
		};
		DA87FAB7289577F300B63545 /* Release */ = {
			isa = XCBuildConfiguration;
			buildSettings = {
				ASSETCATALOG_COMPILER_APPICON_NAME = AppIcon;
				ASSETCATALOG_COMPILER_GLOBAL_ACCENT_COLOR_NAME = AccentColor;
				CODE_SIGN_STYLE = Automatic;
				CURRENT_PROJECT_VERSION = 1;
				DEVELOPMENT_ASSET_PATHS = "\"HomeAppDemo/Preview Content\"";
				DEVELOPMENT_TEAM = BWMJMJK727;
				ENABLE_PREVIEWS = YES;
				GENERATE_INFOPLIST_FILE = YES;
				INFOPLIST_KEY_UIApplicationSceneManifest_Generation = YES;
				INFOPLIST_KEY_UIApplicationSupportsIndirectInputEvents = YES;
				INFOPLIST_KEY_UILaunchScreen_Generation = YES;
				INFOPLIST_KEY_UISupportedInterfaceOrientations_iPad = "UIInterfaceOrientationPortrait UIInterfaceOrientationPortraitUpsideDown UIInterfaceOrientationLandscapeLeft UIInterfaceOrientationLandscapeRight";
				INFOPLIST_KEY_UISupportedInterfaceOrientations_iPhone = "UIInterfaceOrientationPortrait UIInterfaceOrientationLandscapeLeft UIInterfaceOrientationLandscapeRight";
				LD_RUNPATH_SEARCH_PATHS = (
					"$(inherited)",
					"@executable_path/Frameworks",
				);
				MARKETING_VERSION = 1.0;
				PRODUCT_BUNDLE_IDENTIFIER = com.gmail.ikeh1024.HomeAppDemo;
				PRODUCT_NAME = "$(TARGET_NAME)";
				SWIFT_EMIT_LOC_STRINGS = YES;
				SWIFT_VERSION = 5.0;
				TARGETED_DEVICE_FAMILY = "1,2";
			};
			name = Release;
		};
/* End XCBuildConfiguration section */

/* Begin XCConfigurationList section */
		DA87FAA2289577F300B63545 /* Build configuration list for PBXProject "HomeAppDemo" */ = {
			isa = XCConfigurationList;
			buildConfigurations = (
				DA87FAB3289577F300B63545 /* Debug */,
				DA87FAB4289577F300B63545 /* Release */,
			);
			defaultConfigurationIsVisible = 0;
			defaultConfigurationName = Release;
		};
		DA87FAB5289577F300B63545 /* Build configuration list for PBXNativeTarget "HomeAppDemo" */ = {
			isa = XCConfigurationList;
			buildConfigurations = (
				DA87FAB6289577F300B63545 /* Debug */,
				DA87FAB7289577F300B63545 /* Release */,
			);
			defaultConfigurationIsVisible = 0;
			defaultConfigurationName = Release;
		};
/* End XCConfigurationList section */
	};
	rootObject = DA87FA9F289577F300B63545 /* Project object */;
}
