// !$*UTF8*$!
{
	archiveVersion = 1;
	classes = {
	};
	objectVersion = 56;
	objects = {

/* Begin PBXBuildFile section */
		DAF92836295D778200700A8F /* PageCurlDemoApp.swift in Sources */ = {isa = PBXBuildFile; fileRef = DAF92835295D778200700A8F /* PageCurlDemoApp.swift */; };
		DAF92838295D778200700A8F /* ContentView.swift in Sources */ = {isa = PBXBuildFile; fileRef = DAF92837295D778200700A8F /* ContentView.swift */; };
		DAF9283A295D778300700A8F /* Assets.xcassets in Resources */ = {isa = PBXBuildFile; fileRef = DAF92839295D778300700A8F /* Assets.xcassets */; };
		DAF9283D295D778300700A8F /* Preview Assets.xcassets in Resources */ = {isa = PBXBuildFile; fileRef = DAF9283C295D778300700A8F /* Preview Assets.xcassets */; };
		DAF92845295D77BD00700A8F /* Pages in Frameworks */ = {isa = PBXBuildFile; productRef = DAF92844295D77BD00700A8F /* Pages */; };
		DAF9284F295D852C00700A8F /* Pages.swift in Sources */ = {isa = PBXBuildFile; fileRef = DAF9284A295D852C00700A8F /* Pages.swift */; };
		DAF92850295D852C00700A8F /* ModelPages.swift in Sources */ = {isa = PBXBuildFile; fileRef = DAF9284B295D852C00700A8F /* ModelPages.swift */; };
		DAF92851295D852C00700A8F /* PageViewController.swift in Sources */ = {isa = PBXBuildFile; fileRef = DAF9284C295D852C00700A8F /* PageViewController.swift */; };
		DAF92852295D852C00700A8F /* PagesBuilder.swift in Sources */ = {isa = PBXBuildFile; fileRef = DAF9284D295D852C00700A8F /* PagesBuilder.swift */; };
		DAF92853295D852C00700A8F /* PageControl.swift in Sources */ = {isa = PBXBuildFile; fileRef = DAF9284E295D852C00700A8F /* PageControl.swift */; };
		DAF92856295D880000700A8F /* StickyView.swift in Sources */ = {isa = PBXBuildFile; fileRef = DAF92855295D880000700A8F /* StickyView.swift */; };
		DAF9287D295DA74F00700A8F /* Color+hex.swift in Sources */ = {isa = PBXBuildFile; fileRef = DAF9287C295DA74F00700A8F /* Color+hex.swift */; };
		DAF92880295DA79C00700A8F /* Color+customColors.swift in Sources */ = {isa = PBXBuildFile; fileRef = DAF9287F295DA79C00700A8F /* Color+customColors.swift */; };
/* End PBXBuildFile section */

/* Begin PBXFileReference section */
		DAF92832295D778200700A8F /* PageCurlDemo.app */ = {isa = PBXFileReference; explicitFileType = wrapper.application; includeInIndex = 0; path = PageCurlDemo.app; sourceTree = BUILT_PRODUCTS_DIR; };
		DAF92835295D778200700A8F /* PageCurlDemoApp.swift */ = {isa = PBXFileReference; lastKnownFileType = sourcecode.swift; path = PageCurlDemoApp.swift; sourceTree = "<group>"; };
		DAF92837295D778200700A8F /* ContentView.swift */ = {isa = PBXFileReference; lastKnownFileType = sourcecode.swift; path = ContentView.swift; sourceTree = "<group>"; };
		DAF92839295D778300700A8F /* Assets.xcassets */ = {isa = PBXFileReference; lastKnownFileType = folder.assetcatalog; path = Assets.xcassets; sourceTree = "<group>"; };
		DAF9283C295D778300700A8F /* Preview Assets.xcassets */ = {isa = PBXFileReference; lastKnownFileType = folder.assetcatalog; path = "Preview Assets.xcassets"; sourceTree = "<group>"; };
		DAF9284A295D852C00700A8F /* Pages.swift */ = {isa = PBXFileReference; fileEncoding = 4; lastKnownFileType = sourcecode.swift; path = Pages.swift; sourceTree = "<group>"; };
		DAF9284B295D852C00700A8F /* ModelPages.swift */ = {isa = PBXFileReference; fileEncoding = 4; lastKnownFileType = sourcecode.swift; path = ModelPages.swift; sourceTree = "<group>"; };
		DAF9284C295D852C00700A8F /* PageViewController.swift */ = {isa = PBXFileReference; fileEncoding = 4; lastKnownFileType = sourcecode.swift; path = PageViewController.swift; sourceTree = "<group>"; };
		DAF9284D295D852C00700A8F /* PagesBuilder.swift */ = {isa = PBXFileReference; fileEncoding = 4; lastKnownFileType = sourcecode.swift; path = PagesBuilder.swift; sourceTree = "<group>"; };
		DAF9284E295D852C00700A8F /* PageControl.swift */ = {isa = PBXFileReference; fileEncoding = 4; lastKnownFileType = sourcecode.swift; path = PageControl.swift; sourceTree = "<group>"; };
		DAF92855295D880000700A8F /* StickyView.swift */ = {isa = PBXFileReference; lastKnownFileType = sourcecode.swift; path = StickyView.swift; sourceTree = "<group>"; };
		DAF9287C295DA74F00700A8F /* Color+hex.swift */ = {isa = PBXFileReference; fileEncoding = 4; lastKnownFileType = sourcecode.swift; path = "Color+hex.swift"; sourceTree = "<group>"; };
		DAF9287F295DA79C00700A8F /* Color+customColors.swift */ = {isa = PBXFileReference; lastKnownFileType = sourcecode.swift; path = "Color+customColors.swift"; sourceTree = "<group>"; };
/* End PBXFileReference section */

/* Begin PBXFrameworksBuildPhase section */
		DAF9282F295D778200700A8F /* Frameworks */ = {
			isa = PBXFrameworksBuildPhase;
			buildActionMask = 2147483647;
			files = (
				DAF92845295D77BD00700A8F /* Pages in Frameworks */,
			);
			runOnlyForDeploymentPostprocessing = 0;
		};
/* End PBXFrameworksBuildPhase section */

/* Begin PBXGroup section */
		DAF92829295D778200700A8F = {
			isa = PBXGroup;
			children = (
				DAF92834295D778200700A8F /* PageCurlDemo */,
				DAF92833295D778200700A8F /* Products */,
			);
			sourceTree = "<group>";
		};
		DAF92833295D778200700A8F /* Products */ = {
			isa = PBXGroup;
			children = (
				DAF92832295D778200700A8F /* PageCurlDemo.app */,
			);
			name = Products;
			sourceTree = "<group>";
		};
		DAF92834295D778200700A8F /* PageCurlDemo */ = {
			isa = PBXGroup;
			children = (
				DAF9287E295DA75300700A8F /* Utils */,
				DAF92835295D778200700A8F /* PageCurlDemoApp.swift */,
				DAF92837295D778200700A8F /* ContentView.swift */,
				DAF92855295D880000700A8F /* StickyView.swift */,
				DAF92854295D854000700A8F /* Pages */,
				DAF92839295D778300700A8F /* Assets.xcassets */,
				DAF9283B295D778300700A8F /* Preview Content */,
			);
			path = PageCurlDemo;
			sourceTree = "<group>";
		};
		DAF9283B295D778300700A8F /* Preview Content */ = {
			isa = PBXGroup;
			children = (
				DAF9283C295D778300700A8F /* Preview Assets.xcassets */,
			);
			path = "Preview Content";
			sourceTree = "<group>";
		};
		DAF92854295D854000700A8F /* Pages */ = {
			isa = PBXGroup;
			children = (
				DAF9284A295D852C00700A8F /* Pages.swift */,
				DAF9284C295D852C00700A8F /* PageViewController.swift */,
				DAF9284B295D852C00700A8F /* ModelPages.swift */,
				DAF9284E295D852C00700A8F /* PageControl.swift */,
				DAF9284D295D852C00700A8F /* PagesBuilder.swift */,
			);
			path = Pages;
			sourceTree = "<group>";
		};
		DAF9287E295DA75300700A8F /* Utils */ = {
			isa = PBXGroup;
			children = (
				DAF9287C295DA74F00700A8F /* Color+hex.swift */,
				DAF9287F295DA79C00700A8F /* Color+customColors.swift */,
			);
			path = Utils;
			sourceTree = "<group>";
		};
/* End PBXGroup section */

/* Begin PBXNativeTarget section */
		DAF92831295D778200700A8F /* PageCurlDemo */ = {
			isa = PBXNativeTarget;
			buildConfigurationList = DAF92840295D778300700A8F /* Build configuration list for PBXNativeTarget "PageCurlDemo" */;
			buildPhases = (
				DAF9282E295D778200700A8F /* Sources */,
				DAF9282F295D778200700A8F /* Frameworks */,
				DAF92830295D778200700A8F /* Resources */,
			);
			buildRules = (
			);
			dependencies = (
			);
			name = PageCurlDemo;
			packageProductDependencies = (
				DAF92844295D77BD00700A8F /* Pages */,
			);
			productName = PageCurlDemo;
			productReference = DAF92832295D778200700A8F /* PageCurlDemo.app */;
			productType = "com.apple.product-type.application";
		};
/* End PBXNativeTarget section */

/* Begin PBXProject section */
		DAF9282A295D778200700A8F /* Project object */ = {
			isa = PBXProject;
			attributes = {
				BuildIndependentTargetsInParallel = 1;
				LastSwiftUpdateCheck = 1420;
				LastUpgradeCheck = 1420;
				TargetAttributes = {
					DAF92831295D778200700A8F = {
						CreatedOnToolsVersion = 14.2;
					};
				};
			};
			buildConfigurationList = DAF9282D295D778200700A8F /* Build configuration list for PBXProject "PageCurlDemo" */;
			compatibilityVersion = "Xcode 14.0";
			developmentRegion = en;
			hasScannedForEncodings = 0;
			knownRegions = (
				en,
				Base,
			);
			mainGroup = DAF92829295D778200700A8F;
			packageReferences = (
				DAF92843295D77BD00700A8F /* XCRemoteSwiftPackageReference "Pages" */,
			);
			productRefGroup = DAF92833295D778200700A8F /* Products */;
			projectDirPath = "";
			projectRoot = "";
			targets = (
				DAF92831295D778200700A8F /* PageCurlDemo */,
			);
		};
/* End PBXProject section */

/* Begin PBXResourcesBuildPhase section */
		DAF92830295D778200700A8F /* Resources */ = {
			isa = PBXResourcesBuildPhase;
			buildActionMask = 2147483647;
			files = (
				DAF9283D295D778300700A8F /* Preview Assets.xcassets in Resources */,
				DAF9283A295D778300700A8F /* Assets.xcassets in Resources */,
			);
			runOnlyForDeploymentPostprocessing = 0;
		};
/* End PBXResourcesBuildPhase section */

/* Begin PBXSourcesBuildPhase section */
		DAF9282E295D778200700A8F /* Sources */ = {
			isa = PBXSourcesBuildPhase;
			buildActionMask = 2147483647;
			files = (
				DAF92852295D852C00700A8F /* PagesBuilder.swift in Sources */,
				DAF92853295D852C00700A8F /* PageControl.swift in Sources */,
				DAF92850295D852C00700A8F /* ModelPages.swift in Sources */,
				DAF92851295D852C00700A8F /* PageViewController.swift in Sources */,
				DAF92880295DA79C00700A8F /* Color+customColors.swift in Sources */,
				DAF9284F295D852C00700A8F /* Pages.swift in Sources */,
				DAF92856295D880000700A8F /* StickyView.swift in Sources */,
				DAF9287D295DA74F00700A8F /* Color+hex.swift in Sources */,
				DAF92838295D778200700A8F /* ContentView.swift in Sources */,
				DAF92836295D778200700A8F /* PageCurlDemoApp.swift in Sources */,
			);
			runOnlyForDeploymentPostprocessing = 0;
		};
/* End PBXSourcesBuildPhase section */

/* Begin XCBuildConfiguration section */
		DAF9283E295D778300700A8F /* Debug */ = {
			isa = XCBuildConfiguration;
			buildSettings = {
				ALWAYS_SEARCH_USER_PATHS = NO;
				CLANG_ANALYZER_NONNULL = YES;
				CLANG_ANALYZER_NUMBER_OBJECT_CONVERSION = YES_AGGRESSIVE;
				CLANG_CXX_LANGUAGE_STANDARD = "gnu++20";
				CLANG_ENABLE_MODULES = YES;
				CLANG_ENABLE_OBJC_ARC = YES;
				CLANG_ENABLE_OBJC_WEAK = YES;
				CLANG_WARN_BLOCK_CAPTURE_AUTORELEASING = YES;
				CLANG_WARN_BOOL_CONVERSION = YES;
				CLANG_WARN_COMMA = YES;
				CLANG_WARN_CONSTANT_CONVERSION = YES;
				CLANG_WARN_DEPRECATED_OBJC_IMPLEMENTATIONS = YES;
				CLANG_WARN_DIRECT_OBJC_ISA_USAGE = YES_ERROR;
				CLANG_WARN_DOCUMENTATION_COMMENTS = YES;
				CLANG_WARN_EMPTY_BODY = YES;
				CLANG_WARN_ENUM_CONVERSION = YES;
				CLANG_WARN_INFINITE_RECURSION = YES;
				CLANG_WARN_INT_CONVERSION = YES;
				CLANG_WARN_NON_LITERAL_NULL_CONVERSION = YES;
				CLANG_WARN_OBJC_IMPLICIT_RETAIN_SELF = YES;
				CLANG_WARN_OBJC_LITERAL_CONVERSION = YES;
				CLANG_WARN_OBJC_ROOT_CLASS = YES_ERROR;
				CLANG_WARN_QUOTED_INCLUDE_IN_FRAMEWORK_HEADER = YES;
				CLANG_WARN_RANGE_LOOP_ANALYSIS = YES;
				CLANG_WARN_STRICT_PROTOTYPES = YES;
				CLANG_WARN_SUSPICIOUS_MOVE = YES;
				CLANG_WARN_UNGUARDED_AVAILABILITY = YES_AGGRESSIVE;
				CLANG_WARN_UNREACHABLE_CODE = YES;
				CLANG_WARN__DUPLICATE_METHOD_MATCH = YES;
				COPY_PHASE_STRIP = NO;
				DEBUG_INFORMATION_FORMAT = dwarf;
				ENABLE_STRICT_OBJC_MSGSEND = YES;
				ENABLE_TESTABILITY = YES;
				GCC_C_LANGUAGE_STANDARD = gnu11;
				GCC_DYNAMIC_NO_PIC = NO;
				GCC_NO_COMMON_BLOCKS = YES;
				GCC_OPTIMIZATION_LEVEL = 0;
				GCC_PREPROCESSOR_DEFINITIONS = (
					"DEBUG=1",
					"$(inherited)",
				);
				GCC_WARN_64_TO_32_BIT_CONVERSION = YES;
				GCC_WARN_ABOUT_RETURN_TYPE = YES_ERROR;
				GCC_WARN_UNDECLARED_SELECTOR = YES;
				GCC_WARN_UNINITIALIZED_AUTOS = YES_AGGRESSIVE;
				GCC_WARN_UNUSED_FUNCTION = YES;
				GCC_WARN_UNUSED_VARIABLE = YES;
				IPHONEOS_DEPLOYMENT_TARGET = 16.2;
				MTL_ENABLE_DEBUG_INFO = INCLUDE_SOURCE;
				MTL_FAST_MATH = YES;
				ONLY_ACTIVE_ARCH = YES;
				SDKROOT = iphoneos;
				SWIFT_ACTIVE_COMPILATION_CONDITIONS = DEBUG;
				SWIFT_OPTIMIZATION_LEVEL = "-Onone";
			};
			name = Debug;
		};
		DAF9283F295D778300700A8F /* Release */ = {
			isa = XCBuildConfiguration;
			buildSettings = {
				ALWAYS_SEARCH_USER_PATHS = NO;
				CLANG_ANALYZER_NONNULL = YES;
				CLANG_ANALYZER_NUMBER_OBJECT_CONVERSION = YES_AGGRESSIVE;
				CLANG_CXX_LANGUAGE_STANDARD = "gnu++20";
				CLANG_ENABLE_MODULES = YES;
				CLANG_ENABLE_OBJC_ARC = YES;
				CLANG_ENABLE_OBJC_WEAK = YES;
				CLANG_WARN_BLOCK_CAPTURE_AUTORELEASING = YES;
				CLANG_WARN_BOOL_CONVERSION = YES;
				CLANG_WARN_COMMA = YES;
				CLANG_WARN_CONSTANT_CONVERSION = YES;
				CLANG_WARN_DEPRECATED_OBJC_IMPLEMENTATIONS = YES;
				CLANG_WARN_DIRECT_OBJC_ISA_USAGE = YES_ERROR;
				CLANG_WARN_DOCUMENTATION_COMMENTS = YES;
				CLANG_WARN_EMPTY_BODY = YES;
				CLANG_WARN_ENUM_CONVERSION = YES;
				CLANG_WARN_INFINITE_RECURSION = YES;
				CLANG_WARN_INT_CONVERSION = YES;
				CLANG_WARN_NON_LITERAL_NULL_CONVERSION = YES;
				CLANG_WARN_OBJC_IMPLICIT_RETAIN_SELF = YES;
				CLANG_WARN_OBJC_LITERAL_CONVERSION = YES;
				CLANG_WARN_OBJC_ROOT_CLASS = YES_ERROR;
				CLANG_WARN_QUOTED_INCLUDE_IN_FRAMEWORK_HEADER = YES;
				CLANG_WARN_RANGE_LOOP_ANALYSIS = YES;
				CLANG_WARN_STRICT_PROTOTYPES = YES;
				CLANG_WARN_SUSPICIOUS_MOVE = YES;
				CLANG_WARN_UNGUARDED_AVAILABILITY = YES_AGGRESSIVE;
				CLANG_WARN_UNREACHABLE_CODE = YES;
				CLANG_WARN__DUPLICATE_METHOD_MATCH = YES;
				COPY_PHASE_STRIP = NO;
				DEBUG_INFORMATION_FORMAT = "dwarf-with-dsym";
				ENABLE_NS_ASSERTIONS = NO;
				ENABLE_STRICT_OBJC_MSGSEND = YES;
				GCC_C_LANGUAGE_STANDARD = gnu11;
				GCC_NO_COMMON_BLOCKS = YES;
				GCC_WARN_64_TO_32_BIT_CONVERSION = YES;
				GCC_WARN_ABOUT_RETURN_TYPE = YES_ERROR;
				GCC_WARN_UNDECLARED_SELECTOR = YES;
				GCC_WARN_UNINITIALIZED_AUTOS = YES_AGGRESSIVE;
				GCC_WARN_UNUSED_FUNCTION = YES;
				GCC_WARN_UNUSED_VARIABLE = YES;
				IPHONEOS_DEPLOYMENT_TARGET = 16.2;
				MTL_ENABLE_DEBUG_INFO = NO;
				MTL_FAST_MATH = YES;
				SDKROOT = iphoneos;
				SWIFT_COMPILATION_MODE = wholemodule;
				SWIFT_OPTIMIZATION_LEVEL = "-O";
				VALIDATE_PRODUCT = YES;
			};
			name = Release;
		};
		DAF92841295D778300700A8F /* Debug */ = {
			isa = XCBuildConfiguration;
			buildSettings = {
				ASSETCATALOG_COMPILER_APPICON_NAME = AppIcon;
				ASSETCATALOG_COMPILER_GLOBAL_ACCENT_COLOR_NAME = AccentColor;
				CODE_SIGN_STYLE = Automatic;
				CURRENT_PROJECT_VERSION = 1;
				DEVELOPMENT_ASSET_PATHS = "\"PageCurlDemo/Preview Content\"";
				DEVELOPMENT_TEAM = BWMJMJK727;
				ENABLE_PREVIEWS = YES;
				GENERATE_INFOPLIST_FILE = YES;
				INFOPLIST_KEY_UIApplicationSceneManifest_Generation = YES;
				INFOPLIST_KEY_UIApplicationSupportsIndirectInputEvents = YES;
				INFOPLIST_KEY_UILaunchScreen_Generation = YES;
				INFOPLIST_KEY_UISupportedInterfaceOrientations_iPad = "UIInterfaceOrientationPortrait UIInterfaceOrientationPortraitUpsideDown UIInterfaceOrientationLandscapeLeft UIInterfaceOrientationLandscapeRight";
				INFOPLIST_KEY_UISupportedInterfaceOrientations_iPhone = "UIInterfaceOrientationPortrait UIInterfaceOrientationLandscapeLeft UIInterfaceOrientationLandscapeRight";
				IPHONEOS_DEPLOYMENT_TARGET = 16.0;
				LD_RUNPATH_SEARCH_PATHS = (
					"$(inherited)",
					"@executable_path/Frameworks",
				);
				MARKETING_VERSION = 1.0;
				PRODUCT_BUNDLE_IDENTIFIER = com.ikeh1024.PageCurlDemo;
				PRODUCT_NAME = "$(TARGET_NAME)";
				SWIFT_EMIT_LOC_STRINGS = YES;
				SWIFT_VERSION = 5.0;
				TARGETED_DEVICE_FAMILY = "1,2";
			};
			name = Debug;
		};
		DAF92842295D778300700A8F /* Release */ = {
			isa = XCBuildConfiguration;
			buildSettings = {
				ASSETCATALOG_COMPILER_APPICON_NAME = AppIcon;
				ASSETCATALOG_COMPILER_GLOBAL_ACCENT_COLOR_NAME = AccentColor;
				CODE_SIGN_STYLE = Automatic;
				CURRENT_PROJECT_VERSION = 1;
				DEVELOPMENT_ASSET_PATHS = "\"PageCurlDemo/Preview Content\"";
				DEVELOPMENT_TEAM = BWMJMJK727;
				ENABLE_PREVIEWS = YES;
				GENERATE_INFOPLIST_FILE = YES;
				INFOPLIST_KEY_UIApplicationSceneManifest_Generation = YES;
				INFOPLIST_KEY_UIApplicationSupportsIndirectInputEvents = YES;
				INFOPLIST_KEY_UILaunchScreen_Generation = YES;
				INFOPLIST_KEY_UISupportedInterfaceOrientations_iPad = "UIInterfaceOrientationPortrait UIInterfaceOrientationPortraitUpsideDown UIInterfaceOrientationLandscapeLeft UIInterfaceOrientationLandscapeRight";
				INFOPLIST_KEY_UISupportedInterfaceOrientations_iPhone = "UIInterfaceOrientationPortrait UIInterfaceOrientationLandscapeLeft UIInterfaceOrientationLandscapeRight";
				IPHONEOS_DEPLOYMENT_TARGET = 16.0;
				LD_RUNPATH_SEARCH_PATHS = (
					"$(inherited)",
					"@executable_path/Frameworks",
				);
				MARKETING_VERSION = 1.0;
				PRODUCT_BUNDLE_IDENTIFIER = com.ikeh1024.PageCurlDemo;
				PRODUCT_NAME = "$(TARGET_NAME)";
				SWIFT_EMIT_LOC_STRINGS = YES;
				SWIFT_VERSION = 5.0;
				TARGETED_DEVICE_FAMILY = "1,2";
			};
			name = Release;
		};
/* End XCBuildConfiguration section */

/* Begin XCConfigurationList section */
		DAF9282D295D778200700A8F /* Build configuration list for PBXProject "PageCurlDemo" */ = {
			isa = XCConfigurationList;
			buildConfigurations = (
				DAF9283E295D778300700A8F /* Debug */,
				DAF9283F295D778300700A8F /* Release */,
			);
			defaultConfigurationIsVisible = 0;
			defaultConfigurationName = Release;
		};
		DAF92840295D778300700A8F /* Build configuration list for PBXNativeTarget "PageCurlDemo" */ = {
			isa = XCConfigurationList;
			buildConfigurations = (
				DAF92841295D778300700A8F /* Debug */,
				DAF92842295D778300700A8F /* Release */,
			);
			defaultConfigurationIsVisible = 0;
			defaultConfigurationName = Release;
		};
/* End XCConfigurationList section */

/* Begin XCRemoteSwiftPackageReference section */
		DAF92843295D77BD00700A8F /* XCRemoteSwiftPackageReference "Pages" */ = {
			isa = XCRemoteSwiftPackageReference;
			repositoryURL = "https://github.com/nachonavarro/Pages";
			requirement = {
				kind = upToNextMajorVersion;
				minimumVersion = 0.1.5;
			};
		};
/* End XCRemoteSwiftPackageReference section */

/* Begin XCSwiftPackageProductDependency section */
		DAF92844295D77BD00700A8F /* Pages */ = {
			isa = XCSwiftPackageProductDependency;
			package = DAF92843295D77BD00700A8F /* XCRemoteSwiftPackageReference "Pages" */;
			productName = Pages;
		};
/* End XCSwiftPackageProductDependency section */
	};
	rootObject = DAF9282A295D778200700A8F /* Project object */;
}
